<?xml version="1.0" encoding="utf-8"?>
<Project ToolsVersion="16.0" xmlns="http://schemas.microsoft.com/developer/msbuild/2003">
  <ItemGroup>
    <ClCompile Include="val\validation_state.cpp">
      <Filter>Source Files</Filter>
    </ClCompile>
    <ClCompile Include="assembly_grammar.cpp">
      <Filter>Source Files</Filter>
    </ClCompile>
    <ClCompile Include="val\basic_block.cpp">
      <Filter>Source Files</Filter>
    </ClCompile>
    <ClCompile Include="binary.cpp">
      <Filter>Source Files</Filter>
    </ClCompile>
    <ClCompile Include="util\bit_vector.cpp">
      <Filter>Source Files</Filter>
    </ClCompile>
    <ClCompile Include="val\construct.cpp">
      <Filter>Source Files</Filter>
    </ClCompile>
    <ClCompile Include="diagnostic.cpp">
      <Filter>Source Files</Filter>
    </ClCompile>
    <ClCompile Include="disassemble.cpp">
      <Filter>Source Files</Filter>
    </ClCompile>
    <ClCompile Include="enum_string_mapping.cpp">
      <Filter>Source Files</Filter>
    </ClCompile>
    <ClCompile Include="ext_inst.cpp">
      <Filter>Source Files</Filter>
    </ClCompile>
    <ClCompile Include="extensions.cpp">
      <Filter>Source Files</Filter>
    </ClCompile>
    <ClCompile Include="val\function.cpp">
      <Filter>Source Files</Filter>
    </ClCompile>
    <ClCompile Include="val\instruction.cpp">
      <Filter>Source Files</Filter>
    </ClCompile>
    <ClCompile Include="libspirv.cpp">
      <Filter>Source Files</Filter>
    </ClCompile>
    <ClCompile Include="name_mapper.cpp">
      <Filter>Source Files</Filter>
    </ClCompile>
    <ClCompile Include="opcode.cpp">
      <Filter>Source Files</Filter>
    </ClCompile>
    <ClCompile Include="operand.cpp">
      <Filter>Source Files</Filter>
    </ClCompile>
    <ClCompile Include="util\parse_number.cpp">
      <Filter>Source Files</Filter>
    </ClCompile>
    <ClCompile Include="parsed_operand.cpp">
      <Filter>Source Files</Filter>
    </ClCompile>
    <ClCompile Include="pch_source.cpp">
      <Filter>Source Files</Filter>
    </ClCompile>
    <ClCompile Include="print.cpp">
      <Filter>Source Files</Filter>
    </ClCompile>
    <ClCompile Include="software_version.cpp">
      <Filter>Source Files</Filter>
    </ClCompile>
    <ClCompile Include="spirv_endian.cpp">
      <Filter>Source Files</Filter>
    </ClCompile>
    <ClCompile Include="spirv_fuzzer_options.cpp">
      <Filter>Source Files</Filter>
    </ClCompile>
    <ClCompile Include="spirv_optimizer_options.cpp">
      <Filter>Source Files</Filter>
    </ClCompile>
    <ClCompile Include="spirv_reducer_options.cpp">
      <Filter>Source Files</Filter>
    </ClCompile>
    <ClCompile Include="spirv_target_env.cpp">
      <Filter>Source Files</Filter>
    </ClCompile>
    <ClCompile Include="spirv_validator_options.cpp">
      <Filter>Source Files</Filter>
    </ClCompile>
    <ClCompile Include="util\string_utils.cpp">
      <Filter>Source Files</Filter>
    </ClCompile>
    <ClCompile Include="table.cpp">
      <Filter>Source Files</Filter>
    </ClCompile>
    <ClCompile Include="text.cpp">
      <Filter>Source Files</Filter>
    </ClCompile>
    <ClCompile Include="text_handler.cpp">
      <Filter>Source Files</Filter>
    </ClCompile>
    <ClCompile Include="val\validate.cpp">
      <Filter>Source Files</Filter>
    </ClCompile>
    <ClCompile Include="val\validate_adjacency.cpp">
      <Filter>Source Files</Filter>
    </ClCompile>
    <ClCompile Include="val\validate_annotation.cpp">
      <Filter>Source Files</Filter>
    </ClCompile>
    <ClCompile Include="val\validate_arithmetics.cpp">
      <Filter>Source Files</Filter>
    </ClCompile>
    <ClCompile Include="val\validate_atomics.cpp">
      <Filter>Source Files</Filter>
    </ClCompile>
    <ClCompile Include="val\validate_barriers.cpp">
      <Filter>Source Files</Filter>
    </ClCompile>
    <ClCompile Include="val\validate_bitwise.cpp">
      <Filter>Source Files</Filter>
    </ClCompile>
    <ClCompile Include="val\validate_builtins.cpp">
      <Filter>Source Files</Filter>
    </ClCompile>
    <ClCompile Include="val\validate_capability.cpp">
      <Filter>Source Files</Filter>
    </ClCompile>
    <ClCompile Include="val\validate_cfg.cpp">
      <Filter>Source Files</Filter>
    </ClCompile>
    <ClCompile Include="val\validate_composites.cpp">
      <Filter>Source Files</Filter>
    </ClCompile>
    <ClCompile Include="val\validate_constants.cpp">
      <Filter>Source Files</Filter>
    </ClCompile>
    <ClCompile Include="val\validate_conversion.cpp">
      <Filter>Source Files</Filter>
    </ClCompile>
    <ClCompile Include="val\validate_debug.cpp">
      <Filter>Source Files</Filter>
    </ClCompile>
    <ClCompile Include="val\validate_decorations.cpp">
      <Filter>Source Files</Filter>
    </ClCompile>
    <ClCompile Include="val\validate_derivatives.cpp">
      <Filter>Source Files</Filter>
    </ClCompile>
    <ClCompile Include="val\validate_execution_limitations.cpp">
      <Filter>Source Files</Filter>
    </ClCompile>
    <ClCompile Include="val\validate_extensions.cpp">
      <Filter>Source Files</Filter>
    </ClCompile>
    <ClCompile Include="val\validate_function.cpp">
      <Filter>Source Files</Filter>
    </ClCompile>
    <ClCompile Include="val\validate_id.cpp">
      <Filter>Source Files</Filter>
    </ClCompile>
    <ClCompile Include="val\validate_image.cpp">
      <Filter>Source Files</Filter>
    </ClCompile>
    <ClCompile Include="val\validate_instruction.cpp">
      <Filter>Source Files</Filter>
    </ClCompile>
    <ClCompile Include="val\validate_interfaces.cpp">
      <Filter>Source Files</Filter>
    </ClCompile>
    <ClCompile Include="val\validate_layout.cpp">
      <Filter>Source Files</Filter>
    </ClCompile>
    <ClCompile Include="val\validate_literals.cpp">
      <Filter>Source Files</Filter>
    </ClCompile>
    <ClCompile Include="val\validate_logicals.cpp">
      <Filter>Source Files</Filter>
    </ClCompile>
    <ClCompile Include="val\validate_memory.cpp">
      <Filter>Source Files</Filter>
    </ClCompile>
    <ClCompile Include="val\validate_memory_semantics.cpp">
      <Filter>Source Files</Filter>
    </ClCompile>
    <ClCompile Include="val\validate_misc.cpp">
      <Filter>Source Files</Filter>
    </ClCompile>
    <ClCompile Include="val\validate_mode_setting.cpp">
      <Filter>Source Files</Filter>
    </ClCompile>
    <ClCompile Include="val\validate_non_uniform.cpp">
      <Filter>Source Files</Filter>
    </ClCompile>
    <ClCompile Include="val\validate_primitives.cpp">
      <Filter>Source Files</Filter>
    </ClCompile>
    <ClCompile Include="val\validate_ray_query.cpp">
      <Filter>Source Files</Filter>
    </ClCompile>
    <ClCompile Include="val\validate_ray_tracing.cpp">
      <Filter>Source Files</Filter>
    </ClCompile>
    <ClCompile Include="val\validate_scopes.cpp">
      <Filter>Source Files</Filter>
    </ClCompile>
    <ClCompile Include="val\validate_small_type_uses.cpp">
      <Filter>Source Files</Filter>
    </ClCompile>
    <ClCompile Include="val\validate_type.cpp">
      <Filter>Source Files</Filter>
    </ClCompile>
  </ItemGroup>
  <ItemGroup>
    <ClInclude Include="assembly_grammar.h">
      <Filter>Header Files</Filter>
    </ClInclude>
    <ClInclude Include="binary.h">
      <Filter>Header Files</Filter>
    </ClInclude>
    <ClInclude Include="util\bit_vector.h">
      <Filter>Header Files</Filter>
    </ClInclude>
    <ClInclude Include="util\bitutils.h">
      <Filter>Header Files</Filter>
    </ClInclude>
    <ClInclude Include="cfa.h">
      <Filter>Header Files</Filter>
    </ClInclude>
    <ClInclude Include="common_debug_info.h">
      <Filter>Header Files</Filter>
    </ClInclude>
    <ClInclude Include="val\decoration.h">
      <Filter>Header Files</Filter>
    </ClInclude>
    <ClInclude Include="diagnostic.h">
      <Filter>Header Files</Filter>
    </ClInclude>
    <ClInclude Include="enum_set.h">
      <Filter>Header Files</Filter>
    </ClInclude>
    <ClInclude Include="disassemble.h">
      <Filter>Header Files</Filter>
    </ClInclude>
    <ClInclude Include="ext_inst.h">
      <Filter>Header Files</Filter>
    </ClInclude>
    <ClInclude Include="enum_string_mapping.h">
      <Filter>Header Files</Filter>
    </ClInclude>
    <ClInclude Include="extensions.h">
      <Filter>Header Files</Filter>
    </ClInclude>
    <ClInclude Include="util\hash_combine.h">
      <Filter>Header Files</Filter>
    </ClInclude>
    <ClInclude Include="util\hex_float.h">
      <Filter>Header Files</Filter>
    </ClInclude>
    <ClInclude Include="instruction.h">
      <Filter>Header Files</Filter>
    </ClInclude>
    <ClInclude Include="latest_version_glsl_std_450_header.h">
      <Filter>Header Files</Filter>
    </ClInclude>
    <ClInclude Include="latest_version_opencl_std_header.h">
      <Filter>Header Files</Filter>
    </ClInclude>
    <ClInclude Include="latest_version_spirv_header.h">
      <Filter>Header Files</Filter>
    </ClInclude>
    <ClInclude Include="..\includespirv-tools\libspirv.h">
      <Filter>Header Files</Filter>
    </ClInclude>
    <ClInclude Include="macro.h">
      <Filter>Header Files</Filter>
    </ClInclude>
    <ClInclude Include="util\make_unique.h">
      <Filter>Header Files</Filter>
    </ClInclude>
    <ClInclude Include="name_mapper.h">
      <Filter>Header Files</Filter>
    </ClInclude>
    <ClInclude Include="opcode.h">
      <Filter>Header Files</Filter>
    </ClInclude>
    <ClInclude Include="spirv_constant.h">
      <Filter>Header Files</Filter>
    </ClInclude>
    <ClInclude Include="util\small_vector.h">
      <Filter>Header Files</Filter>
    </ClInclude>
    <ClInclude Include="print.h">
      <Filter>Header Files</Filter>
    </ClInclude>
    <ClInclude Include="spirv_definition.h">
      <Filter>Header Files</Filter>
    </ClInclude>
    <ClInclude Include="spirv_endian.h">
      <Filter>Header Files</Filter>
    </ClInclude>
    <ClInclude Include="spirv_fuzzer_options.h">
      <Filter>Header Files</Filter>
    </ClInclude>
    <ClInclude Include="spirv_optimizer_options.h">
      <Filter>Header Files</Filter>
    </ClInclude>
    <ClInclude Include="spirv_reducer_options.h">
      <Filter>Header Files</Filter>
    </ClInclude>
    <ClInclude Include="spirv_target_env.h">
      <Filter>Header Files</Filter>
    </ClInclude>
    <ClInclude Include="spirv_validator_options.h">
      <Filter>Header Files</Filter>
    </ClInclude>
    <ClInclude Include="util\string_utils.h">
      <Filter>Header Files</Filter>
    </ClInclude>
    <ClInclude Include="table.h">
      <Filter>Header Files</Filter>
    </ClInclude>
    <ClInclude Include="text.h">
      <Filter>Header Files</Filter>
    </ClInclude>
    <ClInclude Include="text_handler.h">
      <Filter>Header Files</Filter>
    </ClInclude>
    <ClInclude Include="util\timer.h">
      <Filter>Header Files</Filter>
    </ClInclude>
    <ClInclude Include="val\validate.h">
      <Filter>Header Files</Filter>
    </ClInclude>
    <ClInclude Include="operand.h">
      <Filter>Source Files</Filter>
    </ClInclude>
    <ClInclude Include="util\parse_number.h">
      <Filter>Source Files</Filter>
    </ClInclude>
    <ClInclude Include="parsed_operand.h">
      <Filter>Source Files</Filter>
    </ClInclude>
  </ItemGroup>
  <ItemGroup>
    <Filter Include="Header Files">
      <UniqueIdentifier>{3D5E4C05-F807-3818-ADF1-BB8BE19FC538}</UniqueIdentifier>
    </Filter>
    <Filter Include="Source Files">
      <UniqueIdentifier>{40EFD534-D386-38C5-9189-79C96593B8BF}</UniqueIdentifier>
    </Filter>
  </ItemGroup>
</Project>