<?xml version="1.0" encoding="UTF-8"?>
<Project ToolsVersion="4.0" xmlns="http://schemas.microsoft.com/developer/msbuild/2003">
  <ItemGroup>
    <CustomBuild Include="D:\KApp\Dependency\assimp-3.3.1\CMakeFiles\2f5e74520ce6ba92c825a79211cd6820\INSTALL_force.rule">
      <Filter>CMake Rules</Filter>
    </CustomBuild>
  </ItemGroup>
  <ItemGroup>
    <Filter Include="CMake Rules">
      <UniqueIdentifier>{D9FA33B7-9ED4-3BCE-96F7-D4CEF6632262}</UniqueIdentifier>
    </Filter>
  </ItemGroup>
</Project>
