<?xml version="1.0" encoding="utf-8"?>
<Project ToolsVersion="16.0" xmlns="http://schemas.microsoft.com/developer/msbuild/2003">
  <ItemGroup>
    <ClCompile Include="fix_func_call_arguments.cpp" />
    <ClCompile Include="aggressive_dead_code_elim_pass.cpp" />
    <ClCompile Include="amd_ext_to_khr.cpp" />
    <ClCompile Include="basic_block.cpp" />
    <ClCompile Include="block_merge_pass.cpp" />
    <ClCompile Include="block_merge_util.cpp" />
    <ClCompile Include="build_module.cpp" />
    <ClCompile Include="ccp_pass.cpp" />
    <ClCompile Include="cfg_cleanup_pass.cpp" />
    <ClCompile Include="cfg.cpp" />
    <ClCompile Include="code_sink.cpp" />
    <ClCompile Include="combine_access_chains.cpp" />
    <ClCompile Include="compact_ids_pass.cpp" />
    <ClCompile Include="composite.cpp" />
    <ClCompile Include="const_folding_rules.cpp" />
    <ClCompile Include="constants.cpp" />
    <ClCompile Include="control_dependence.cpp" />
    <ClCompile Include="convert_to_sampled_image_pass.cpp" />
    <ClCompile Include="convert_to_half_pass.cpp" />
    <ClCompile Include="copy_prop_arrays.cpp" />
    <ClCompile Include="dataflow.cpp" />
    <ClCompile Include="dead_branch_elim_pass.cpp" />
    <ClCompile Include="dead_insert_elim_pass.cpp" />
    <ClCompile Include="dead_variable_elimination.cpp" />
    <ClCompile Include="decoration_manager.cpp" />
    <ClCompile Include="debug_info_manager.cpp" />
    <ClCompile Include="def_use_manager.cpp" />
    <ClCompile Include="desc_sroa.cpp" />
    <ClCompile Include="desc_sroa_util.cpp" />
    <ClCompile Include="dominator_analysis.cpp" />
    <ClCompile Include="dominator_tree.cpp" />
    <ClCompile Include="eliminate_dead_constant_pass.cpp" />
    <ClCompile Include="eliminate_dead_functions_pass.cpp" />
    <ClCompile Include="eliminate_dead_functions_util.cpp" />
    <ClCompile Include="eliminate_dead_input_components_pass.cpp" />
    <ClCompile Include="eliminate_dead_members_pass.cpp" />
    <ClCompile Include="feature_manager.cpp" />
    <ClCompile Include="fix_storage_class.cpp" />
    <ClCompile Include="flatten_decoration_pass.cpp" />
    <ClCompile Include="fold.cpp" />
    <ClCompile Include="folding_rules.cpp" />
    <ClCompile Include="fold_spec_constant_op_and_composite_pass.cpp" />
    <ClCompile Include="freeze_spec_constant_value_pass.cpp" />
    <ClCompile Include="function.cpp" />
    <ClCompile Include="graphics_robust_access_pass.cpp" />
    <ClCompile Include="if_conversion.cpp" />
    <ClCompile Include="inline_exhaustive_pass.cpp" />
    <ClCompile Include="inline_opaque_pass.cpp" />
    <ClCompile Include="inline_pass.cpp" />
    <ClCompile Include="inst_bindless_check_pass.cpp" />
    <ClCompile Include="inst_buff_addr_check_pass.cpp" />
    <ClCompile Include="inst_debug_printf_pass.cpp" />
    <ClCompile Include="instruction.cpp" />
    <ClCompile Include="instruction_list.cpp" />
    <ClCompile Include="instrument_pass.cpp" />
    <ClCompile Include="interface_var_sroa.cpp" />
    <ClCompile Include="interp_fixup_pass.cpp" />
    <ClCompile Include="ir_context.cpp" />
    <ClCompile Include="ir_loader.cpp" />
    <ClCompile Include="licm_pass.cpp" />
    <ClCompile Include="local_access_chain_convert_pass.cpp" />
    <ClCompile Include="local_redundancy_elimination.cpp" />
    <ClCompile Include="local_single_block_elim_pass.cpp" />
    <ClCompile Include="local_single_store_elim_pass.cpp" />
    <ClCompile Include="loop_dependence.cpp" />
    <ClCompile Include="loop_dependence_helpers.cpp" />
    <ClCompile Include="loop_descriptor.cpp" />
    <ClCompile Include="loop_fission.cpp" />
    <ClCompile Include="loop_fusion.cpp" />
    <ClCompile Include="loop_fusion_pass.cpp" />
    <ClCompile Include="loop_peeling.cpp" />
    <ClCompile Include="loop_utils.cpp" />
    <ClCompile Include="loop_unroller.cpp" />
    <ClCompile Include="loop_unswitch_pass.cpp" />
    <ClCompile Include="mem_pass.cpp" />
    <ClCompile Include="merge_return_pass.cpp" />
    <ClCompile Include="module.cpp" />
    <ClCompile Include="optimizer.cpp" />
    <ClCompile Include="pass.cpp" />
    <ClCompile Include="pass_manager.cpp" />
    <ClCompile Include="private_to_local_pass.cpp" />
    <ClCompile Include="propagator.cpp" />
    <ClCompile Include="reduce_load_size.cpp" />
    <ClCompile Include="redundancy_elimination.cpp" />
    <ClCompile Include="register_pressure.cpp" />
    <ClCompile Include="relax_float_ops_pass.cpp" />
    <ClCompile Include="remove_dontinline_pass.cpp" />
    <ClCompile Include="remove_duplicates_pass.cpp" />
    <ClCompile Include="remove_unused_interface_variables_pass.cpp" />
    <ClCompile Include="replace_desc_array_access_using_var_index.cpp" />
    <ClCompile Include="replace_invalid_opc.cpp" />
    <ClCompile Include="scalar_analysis.cpp" />
    <ClCompile Include="scalar_analysis_simplification.cpp" />
    <ClCompile Include="scalar_replacement_pass.cpp" />
    <ClCompile Include="set_spec_constant_default_value_pass.cpp" />
    <ClCompile Include="simplification_pass.cpp" />
    <ClCompile Include="spread_volatile_semantics.cpp" />
    <ClCompile Include="ssa_rewrite_pass.cpp" />
    <ClCompile Include="strength_reduction_pass.cpp" />
    <ClCompile Include="strip_debug_info_pass.cpp" />
    <ClCompile Include="strip_nonsemantic_info_pass.cpp" />
    <ClCompile Include="struct_cfg_analysis.cpp" />
    <ClCompile Include="type_manager.cpp" />
    <ClCompile Include="types.cpp" />
    <ClCompile Include="unify_const_pass.cpp" />
    <ClCompile Include="upgrade_memory_model.cpp" />
    <ClCompile Include="value_number_table.cpp" />
    <ClCompile Include="vector_dce.cpp" />
    <ClCompile Include="workaround1209.cpp" />
    <ClCompile Include="wrap_opkill.cpp" />
    <ClCompile Include="pch_source_opt.cpp" />
  </ItemGroup>
  <ItemGroup>
    <ClInclude Include="fix_func_call_arguments.h" />
    <ClInclude Include="aggressive_dead_code_elim_pass.h" />
    <ClInclude Include="amd_ext_to_khr.h" />
    <ClInclude Include="basic_block.h" />
    <ClInclude Include="block_merge_pass.h" />
    <ClInclude Include="block_merge_util.h" />
    <ClInclude Include="build_module.h" />
    <ClInclude Include="ccp_pass.h" />
    <ClInclude Include="cfg_cleanup_pass.h" />
    <ClInclude Include="cfg.h" />
    <ClInclude Include="code_sink.h" />
    <ClInclude Include="combine_access_chains.h" />
    <ClInclude Include="compact_ids_pass.h" />
    <ClInclude Include="composite.h" />
    <ClInclude Include="const_folding_rules.h" />
    <ClInclude Include="constants.h" />
    <ClInclude Include="control_dependence.h" />
    <ClInclude Include="convert_to_sampled_image_pass.h" />
    <ClInclude Include="convert_to_half_pass.h" />
    <ClInclude Include="copy_prop_arrays.h" />
    <ClInclude Include="dataflow.h" />
    <ClInclude Include="dead_branch_elim_pass.h" />
    <ClInclude Include="dead_insert_elim_pass.h" />
    <ClInclude Include="dead_variable_elimination.h" />
    <ClInclude Include="decoration_manager.h" />
    <ClInclude Include="debug_info_manager.h" />
    <ClInclude Include="def_use_manager.h" />
    <ClInclude Include="desc_sroa.h" />
    <ClInclude Include="desc_sroa_util.h" />
    <ClInclude Include="dominator_analysis.h" />
    <ClInclude Include="dominator_tree.h" />
    <ClInclude Include="eliminate_dead_constant_pass.h" />
    <ClInclude Include="eliminate_dead_functions_pass.h" />
    <ClInclude Include="eliminate_dead_functions_util.h" />
    <ClInclude Include="eliminate_dead_input_components_pass.h" />
    <ClInclude Include="eliminate_dead_members_pass.h" />
    <ClInclude Include="empty_pass.h" />
    <ClInclude Include="feature_manager.h" />
    <ClInclude Include="fix_storage_class.h" />
    <ClInclude Include="flatten_decoration_pass.h" />
    <ClInclude Include="fold.h" />
    <ClInclude Include="folding_rules.h" />
    <ClInclude Include="fold_spec_constant_op_and_composite_pass.h" />
    <ClInclude Include="freeze_spec_constant_value_pass.h" />
    <ClInclude Include="function.h" />
    <ClInclude Include="graphics_robust_access_pass.h" />
    <ClInclude Include="if_conversion.h" />
    <ClInclude Include="inline_exhaustive_pass.h" />
    <ClInclude Include="inline_opaque_pass.h" />
    <ClInclude Include="inline_pass.h" />
    <ClInclude Include="inst_bindless_check_pass.h" />
    <ClInclude Include="inst_buff_addr_check_pass.h" />
    <ClInclude Include="inst_debug_printf_pass.h" />
    <ClInclude Include="instruction.h" />
    <ClInclude Include="instruction_list.h" />
    <ClInclude Include="instrument_pass.h" />
    <ClInclude Include="interface_var_sroa.h" />
    <ClInclude Include="interp_fixup_pass.h" />
    <ClInclude Include="ir_builder.h" />
    <ClInclude Include="ir_context.h" />
    <ClInclude Include="ir_loader.h" />
    <ClInclude Include="licm_pass.h" />
    <ClInclude Include="local_access_chain_convert_pass.h" />
    <ClInclude Include="local_redundancy_elimination.h" />
    <ClInclude Include="local_single_block_elim_pass.h" />
    <ClInclude Include="local_single_store_elim_pass.h" />
    <ClInclude Include="log.h" />
    <ClInclude Include="loop_dependence.h" />
    <ClInclude Include="loop_descriptor.h" />
    <ClInclude Include="loop_fission.h" />
    <ClInclude Include="loop_fusion.h" />
    <ClInclude Include="loop_fusion_pass.h" />
    <ClInclude Include="loop_peeling.h" />
    <ClInclude Include="loop_unroller.h" />
    <ClInclude Include="loop_utils.h" />
    <ClInclude Include="loop_unswitch_pass.h" />
    <ClInclude Include="mem_pass.h" />
    <ClInclude Include="merge_return_pass.h" />
    <ClInclude Include="module.h" />
    <ClInclude Include="null_pass.h" />
    <ClInclude Include="passes.h" />
    <ClInclude Include="pass.h" />
    <ClInclude Include="pass_manager.h" />
    <ClInclude Include="private_to_local_pass.h" />
    <ClInclude Include="propagator.h" />
    <ClInclude Include="reduce_load_size.h" />
    <ClInclude Include="redundancy_elimination.h" />
    <ClInclude Include="reflect.h" />
    <ClInclude Include="register_pressure.h" />
    <ClInclude Include="relax_float_ops_pass.h" />
    <ClInclude Include="remove_dontinline_pass.h" />
    <ClInclude Include="remove_duplicates_pass.h" />
    <ClInclude Include="remove_unused_interface_variables_pass.h" />
    <ClInclude Include="replace_desc_array_access_using_var_index.h" />
    <ClInclude Include="replace_invalid_opc.h" />
    <ClInclude Include="scalar_analysis.h" />
    <ClInclude Include="scalar_analysis_nodes.h" />
    <ClInclude Include="scalar_replacement_pass.h" />
    <ClInclude Include="set_spec_constant_default_value_pass.h" />
    <ClInclude Include="simplification_pass.h" />
    <ClInclude Include="spread_volatile_semantics.h" />
    <ClInclude Include="ssa_rewrite_pass.h" />
    <ClInclude Include="strength_reduction_pass.h" />
    <ClInclude Include="strip_debug_info_pass.h" />
    <ClInclude Include="strip_nonsemantic_info_pass.h" />
    <ClInclude Include="struct_cfg_analysis.h" />
    <ClInclude Include="tree_iterator.h" />
    <ClInclude Include="type_manager.h" />
    <ClInclude Include="types.h" />
    <ClInclude Include="unify_const_pass.h" />
    <ClInclude Include="upgrade_memory_model.h" />
    <ClInclude Include="value_number_table.h" />
    <ClInclude Include="vector_dce.h" />
    <ClInclude Include="workaround1209.h" />
    <ClInclude Include="wrap_opkill.h" />
  </ItemGroup>
  <ItemGroup>
    <Filter Include="Header Files">
      <UniqueIdentifier>{3D5E4C05-F807-3818-ADF1-BB8BE19FC538}</UniqueIdentifier>
    </Filter>
    <Filter Include="Source Files">
      <UniqueIdentifier>{40EFD534-D386-38C5-9189-79C96593B8BF}</UniqueIdentifier>
    </Filter>
  </ItemGroup>
</Project>