<?xml version="1.0" encoding="utf-8"?>
<Project ToolsVersion="16.0" xmlns="http://schemas.microsoft.com/developer/msbuild/2003">
  <ItemGroup>
    <ClCompile Include="Source\astcenccli_error_metrics.cpp">
      <Filter>Source Files</Filter>
    </ClCompile>
    <ClCompile Include="Source\astcenccli_image.cpp">
      <Filter>Source Files</Filter>
    </ClCompile>
    <ClCompile Include="Source\astcenccli_image_external.cpp">
      <Filter>Source Files</Filter>
    </ClCompile>
    <ClCompile Include="Source\astcenccli_image_load_store.cpp">
      <Filter>Source Files</Filter>
    </ClCompile>
    <ClCompile Include="Source\astcenccli_platform_dependents.cpp">
      <Filter>Source Files</Filter>
    </ClCompile>
    <ClCompile Include="Source\astcenccli_toplevel.cpp">
      <Filter>Source Files</Filter>
    </ClCompile>
    <ClCompile Include="Source\astcenccli_toplevel_help.cpp">
      <Filter>Source Files</Filter>
    </ClCompile>
  </ItemGroup>
  <ItemGroup>
    <Filter Include="Source Files">
      <UniqueIdentifier>{D2482303-6F77-3151-8764-2F8415B55ECE}</UniqueIdentifier>
    </Filter>
  </ItemGroup>
</Project>