<?xml version="1.0" encoding="utf-8"?>
<Project ToolsVersion="4.0" xmlns="http://schemas.microsoft.com/developer/msbuild/2003">
  <ItemGroup>
    <Filter Include="Interface">
      <UniqueIdentifier>{dde54179-65b7-4501-bcde-e265b4d7aae5}</UniqueIdentifier>
    </Filter>
    <Filter Include="Internal">
      <UniqueIdentifier>{bbad73e0-9815-4870-aea7-c1b96a73b510}</UniqueIdentifier>
    </Filter>
    <Filter Include="Internal\Vulkan">
      <UniqueIdentifier>{34684c8f-8c6b-4ec6-b233-90aabcf5a266}</UniqueIdentifier>
    </Filter>
    <Filter Include="Internal\Asset">
      <UniqueIdentifier>{1f382214-f4ee-4c0a-8cf4-c96098190be3}</UniqueIdentifier>
    </Filter>
    <Filter Include="Publish">
      <UniqueIdentifier>{f874efcb-4c25-4320-8ff2-dc8f6e66d276}</UniqueIdentifier>
    </Filter>
    <Filter Include="Internal\Object">
      <UniqueIdentifier>{1985d96b-a5e0-4b04-8495-be2d984eed87}</UniqueIdentifier>
    </Filter>
    <Filter Include="Internal\Manager">
      <UniqueIdentifier>{1558d674-c1d0-4388-a389-2f51e0fc2c6d}</UniqueIdentifier>
    </Filter>
    <Filter Include="Internal\ECS">
      <UniqueIdentifier>{8967d34f-37de-4b73-a589-6c710cb790a8}</UniqueIdentifier>
    </Filter>
    <Filter Include="Internal\ECS\Component">
      <UniqueIdentifier>{b865c2f1-91cd-4de3-8015-b78b7f619537}</UniqueIdentifier>
    </Filter>
    <Filter Include="Internal\ECS\System">
      <UniqueIdentifier>{c83286fc-13f7-4857-85a5-f38f1d2e1bfa}</UniqueIdentifier>
    </Filter>
    <Filter Include="Internal\Shadow">
      <UniqueIdentifier>{c265759e-630b-41c6-ac9e-8587ee6d2412}</UniqueIdentifier>
    </Filter>
    <Filter Include="Internal\Asset\Serializer">
      <UniqueIdentifier>{33de496f-8ea2-46ac-8a58-05cce571f0c7}</UniqueIdentifier>
    </Filter>
  </ItemGroup>
  <ItemGroup>
    <ClInclude Include="Interface\IKRenderDevice.h">
      <Filter>Interface</Filter>
    </ClInclude>
    <ClInclude Include="Interface\IKRenderWindow.h">
      <Filter>Interface</Filter>
    </ClInclude>
    <ClInclude Include="Internal\Vulkan\KVulkanRenderWindow.h">
      <Filter>Internal\Vulkan</Filter>
    </ClInclude>
    <ClInclude Include="Internal\Vulkan\KVulkanRenderDevice.h">
      <Filter>Internal\Vulkan</Filter>
    </ClInclude>
    <ClInclude Include="Internal\Vulkan\KVulkanHelper.h">
      <Filter>Internal\Vulkan</Filter>
    </ClInclude>
    <ClInclude Include="Interface\IKShader.h">
      <Filter>Interface</Filter>
    </ClInclude>
    <ClInclude Include="Interface\IKRenderConfig.h">
      <Filter>Interface</Filter>
    </ClInclude>
    <ClInclude Include="Internal\Vulkan\KVulkanShader.h">
      <Filter>Internal\Vulkan</Filter>
    </ClInclude>
    <ClInclude Include="Internal\KVertexDefinition.h">
      <Filter>Internal</Filter>
    </ClInclude>
    <ClInclude Include="Interface\IKBuffer.h">
      <Filter>Interface</Filter>
    </ClInclude>
    <ClInclude Include="Internal\Asset\KMaterial.h">
      <Filter>Internal\Asset</Filter>
    </ClInclude>
    <ClInclude Include="Internal\Asset\KSubMesh.h">
      <Filter>Internal\Asset</Filter>
    </ClInclude>
    <ClInclude Include="Internal\Vulkan\KVulkanBuffer.h">
      <Filter>Internal\Vulkan</Filter>
    </ClInclude>
    <ClInclude Include="Internal\Vulkan\KVulkanGlobal.h">
      <Filter>Internal\Vulkan</Filter>
    </ClInclude>
    <ClInclude Include="Internal\KBufferBase.h">
      <Filter>Internal</Filter>
    </ClInclude>
    <ClInclude Include="Internal\KConstantDefinition.h">
      <Filter>Internal</Filter>
    </ClInclude>
    <ClInclude Include="Internal\KConstantGlobal.h">
      <Filter>Internal</Filter>
    </ClInclude>
    <ClInclude Include="Internal\Vulkan\KVulkanConfig.h">
      <Filter>Internal\Vulkan</Filter>
    </ClInclude>
    <ClInclude Include="Internal\Vulkan\KVulkanHeapAllocator.h">
      <Filter>Internal\Vulkan</Filter>
    </ClInclude>
    <ClInclude Include="Internal\Vulkan\KVulkanSwapChain.h">
      <Filter>Internal\Vulkan</Filter>
    </ClInclude>
    <ClInclude Include="Internal\Vulkan\KVulkanInitializer.h">
      <Filter>Internal\Vulkan</Filter>
    </ClInclude>
    <ClInclude Include="Internal\KTextureBase.h">
      <Filter>Internal</Filter>
    </ClInclude>
    <ClInclude Include="Interface\IKTexture.h">
      <Filter>Interface</Filter>
    </ClInclude>
    <ClInclude Include="Interface\IKSampler.h">
      <Filter>Interface</Filter>
    </ClInclude>
    <ClInclude Include="Internal\Vulkan\KVulkanSampler.h">
      <Filter>Internal\Vulkan</Filter>
    </ClInclude>
    <ClInclude Include="Internal\KSamplerBase.h">
      <Filter>Internal</Filter>
    </ClInclude>
    <ClInclude Include="Interface\IKRenderTarget.h">
      <Filter>Interface</Filter>
    </ClInclude>
    <ClInclude Include="Internal\Vulkan\KVulkanRenderTarget.h">
      <Filter>Internal\Vulkan</Filter>
    </ClInclude>
    <ClInclude Include="Interface\IKPipeline.h">
      <Filter>Interface</Filter>
    </ClInclude>
    <ClInclude Include="Internal\Vulkan\KVulkanPipeline.h">
      <Filter>Internal\Vulkan</Filter>
    </ClInclude>
    <ClInclude Include="Internal\KRenderThreadPool.h">
      <Filter>Internal</Filter>
    </ClInclude>
    <ClInclude Include="Publish\KAABBBox.h">
      <Filter>Publish</Filter>
    </ClInclude>
    <ClInclude Include="Publish\KCamera.h">
      <Filter>Publish</Filter>
    </ClInclude>
    <ClInclude Include="Publish\KPlane.h">
      <Filter>Publish</Filter>
    </ClInclude>
    <ClInclude Include="Interface\IKUIOverlay.h">
      <Filter>Interface</Filter>
    </ClInclude>
    <ClInclude Include="Internal\KUIOverlayBase.h">
      <Filter>Internal</Filter>
    </ClInclude>
    <ClInclude Include="Internal\Vulkan\KVulkanUIOverlay.h">
      <Filter>Internal\Vulkan</Filter>
    </ClInclude>
    <ClInclude Include="Internal\Vulkan\KVulkanTexture.h">
      <Filter>Internal\Vulkan</Filter>
    </ClInclude>
    <ClInclude Include="Internal\Object\KSkyBox.h">
      <Filter>Internal\Object</Filter>
    </ClInclude>
    <ClInclude Include="Internal\Asset\KMesh.h">
      <Filter>Internal\Asset</Filter>
    </ClInclude>
    <ClInclude Include="Internal\KRenderGlobal.h">
      <Filter>Internal</Filter>
    </ClInclude>
    <ClInclude Include="Internal\Manager\KFrameResourceManager.h">
      <Filter>Internal\Manager</Filter>
    </ClInclude>
    <ClInclude Include="Internal\Manager\KMeshManager.h">
      <Filter>Internal\Manager</Filter>
    </ClInclude>
    <ClInclude Include="Internal\Manager\KPipelineManager.h">
      <Filter>Internal\Manager</Filter>
    </ClInclude>
    <ClInclude Include="Internal\Manager\KShaderManager.h">
      <Filter>Internal\Manager</Filter>
    </ClInclude>
    <ClInclude Include="Internal\Manager\KTextureManager.h">
      <Filter>Internal\Manager</Filter>
    </ClInclude>
    <ClInclude Include="Internal\ECS\Component\KTransformComponent.h">
      <Filter>Internal\ECS\Component</Filter>
    </ClInclude>
    <ClInclude Include="Internal\ECS\Component\KRenderComponent.h">
      <Filter>Internal\ECS\Component</Filter>
    </ClInclude>
    <ClInclude Include="Internal\ECS\KEntityManager.h">
      <Filter>Internal\ECS</Filter>
    </ClInclude>
    <ClInclude Include="Internal\ECS\KComponentManager.h">
      <Filter>Internal\ECS</Filter>
    </ClInclude>
    <ClInclude Include="Internal\ECS\KECS.h">
      <Filter>Internal\ECS</Filter>
    </ClInclude>
    <ClInclude Include="Internal\ECS\KECSGlobal.h">
      <Filter>Internal\ECS</Filter>
    </ClInclude>
    <ClInclude Include="Internal\ECS\KEntity.h">
      <Filter>Internal\ECS</Filter>
    </ClInclude>
    <ClInclude Include="Internal\ECS\System\KCullSystem.h">
      <Filter>Internal\ECS\System</Filter>
    </ClInclude>
    <ClInclude Include="Internal\ECS\Component\KComponentBase.h">
      <Filter>Internal\ECS\Component</Filter>
    </ClInclude>
    <ClInclude Include="IKRenderCore.h">
      <Filter>Interface</Filter>
    </ClInclude>
    <ClInclude Include="Internal\Shadow\KShadowMap.h">
      <Filter>Internal\Shadow</Filter>
    </ClInclude>
    <ClInclude Include="Interface\IKCommandBuffer.h">
      <Filter>Interface</Filter>
    </ClInclude>
    <ClInclude Include="Interface\IKRenderCommand.h">
      <Filter>Interface</Filter>
    </ClInclude>
    <ClInclude Include="Internal\Vulkan\KVulkanCommandBuffer.h">
      <Filter>Internal\Vulkan</Filter>
    </ClInclude>
    <ClInclude Include="Internal\Asset\Serializer\KMeshSerializer.h">
      <Filter>Internal\Asset\Serializer</Filter>
    </ClInclude>
    <ClInclude Include="Internal\Asset\Serializer\KMeshSerializerV0.h">
      <Filter>Internal\Asset\Serializer</Filter>
    </ClInclude>
    <ClInclude Include="Internal\KDebugConsole.h">
      <Filter>Internal</Filter>
    </ClInclude>
    <ClInclude Include="Interface\IKSwapChain.h">
      <Filter>Interface</Filter>
    </ClInclude>
  </ItemGroup>
  <ItemGroup>
    <ClCompile Include="Internal\Vulkan\KVulkanRenderWindow.cpp">
      <Filter>Internal\Vulkan</Filter>
    </ClCompile>
    <ClCompile Include="Internal\KRenderDevice.cpp">
      <Filter>Internal</Filter>
    </ClCompile>
    <ClCompile Include="Internal\KRenderWindow.cpp">
      <Filter>Internal</Filter>
    </ClCompile>
    <ClCompile Include="Internal\Vulkan\KVulkanRenderDevice.cpp">
      <Filter>Internal\Vulkan</Filter>
    </ClCompile>
    <ClCompile Include="Internal\Vulkan\KVulkanShader.cpp">
      <Filter>Internal\Vulkan</Filter>
    </ClCompile>
    <ClCompile Include="Internal\KVertexDefinition.cpp">
      <Filter>Internal</Filter>
    </ClCompile>
    <ClCompile Include="Internal\Vulkan\KVulkanBuffer.cpp">
      <Filter>Internal\Vulkan</Filter>
    </ClCompile>
    <ClCompile Include="Internal\Vulkan\KVulkanHelper.cpp">
      <Filter>Internal\Vulkan</Filter>
    </ClCompile>
    <ClCompile Include="Internal\Vulkan\KVulkanGlobal.cpp">
      <Filter>Internal\Vulkan</Filter>
    </ClCompile>
    <ClCompile Include="Internal\KConstantDefinition.cpp">
      <Filter>Internal</Filter>
    </ClCompile>
    <ClCompile Include="Internal\KConstantGlobal.cpp">
      <Filter>Internal</Filter>
    </ClCompile>
    <ClCompile Include="Internal\Vulkan\KVulkanHeapAllocator.cpp">
      <Filter>Internal\Vulkan</Filter>
    </ClCompile>
    <ClCompile Include="KRenderMain.cpp">
      <Filter>Internal\Vulkan</Filter>
    </ClCompile>
    <ClCompile Include="Internal\Vulkan\KVulkanSwapChain.cpp">
      <Filter>Internal\Vulkan</Filter>
    </ClCompile>
    <ClCompile Include="Internal\Vulkan\KVulkanInitializer.cpp">
      <Filter>Internal\Vulkan</Filter>
    </ClCompile>
    <ClCompile Include="Internal\KTextureBase.cpp">
      <Filter>Internal</Filter>
    </ClCompile>
    <ClCompile Include="Internal\Vulkan\KVulkanTexture.cpp">
      <Filter>Internal\Vulkan</Filter>
    </ClCompile>
    <ClCompile Include="Internal\KSamplerBase.cpp">
      <Filter>Internal</Filter>
    </ClCompile>
    <ClCompile Include="Internal\Vulkan\KVulkanSampler.cpp">
      <Filter>Internal\Vulkan</Filter>
    </ClCompile>
    <ClCompile Include="Internal\Vulkan\KVulkanRenderTarget.cpp">
      <Filter>Internal\Vulkan</Filter>
    </ClCompile>
    <ClCompile Include="Internal\Vulkan\KVulkanPipeline.cpp">
      <Filter>Internal\Vulkan</Filter>
    </ClCompile>
    <ClCompile Include="Internal\KUIOverlayBase.cpp">
      <Filter>Internal</Filter>
    </ClCompile>
    <ClCompile Include="Internal\Vulkan\KVulkanUIOverlay.cpp">
      <Filter>Internal\Vulkan</Filter>
    </ClCompile>
    <ClCompile Include="Internal\Object\KSkyBox.cpp">
      <Filter>Internal\Object</Filter>
    </ClCompile>
    <ClCompile Include="Internal\Asset\KSubMesh.cpp">
      <Filter>Internal\Asset</Filter>
    </ClCompile>
    <ClCompile Include="Internal\Asset\KMesh.cpp">
      <Filter>Internal\Asset</Filter>
    </ClCompile>
    <ClCompile Include="Internal\Asset\KMaterial.cpp">
      <Filter>Internal\Asset</Filter>
    </ClCompile>
    <ClCompile Include="Internal\KRenderGlobal.cpp">
      <Filter>Internal</Filter>
    </ClCompile>
    <ClCompile Include="Internal\Manager\KFrameResourceManager.cpp">
      <Filter>Internal\Manager</Filter>
    </ClCompile>
    <ClCompile Include="Internal\Manager\KMeshManager.cpp">
      <Filter>Internal\Manager</Filter>
    </ClCompile>
    <ClCompile Include="Internal\Manager\KPipelineManager.cpp">
      <Filter>Internal\Manager</Filter>
    </ClCompile>
    <ClCompile Include="Internal\Manager\KShaderManager.cpp">
      <Filter>Internal\Manager</Filter>
    </ClCompile>
    <ClCompile Include="Internal\Manager\KTextureManager.cpp">
      <Filter>Internal\Manager</Filter>
    </ClCompile>
    <ClCompile Include="Internal\ECS\KComponentManager.cpp">
      <Filter>Internal\ECS</Filter>
    </ClCompile>
    <ClCompile Include="Internal\ECS\KECSGlobal.cpp">
      <Filter>Internal\ECS</Filter>
    </ClCompile>
    <ClCompile Include="Internal\ECS\KEntity.cpp">
      <Filter>Internal\ECS</Filter>
    </ClCompile>
    <ClCompile Include="Internal\ECS\KEntityManager.cpp">
      <Filter>Internal\ECS</Filter>
    </ClCompile>
    <ClCompile Include="Internal\ECS\System\KCullSystem.cpp">
      <Filter>Internal\ECS\System</Filter>
    </ClCompile>
    <ClCompile Include="Internal\KBufferBase.cpp">
      <Filter>Internal</Filter>
    </ClCompile>
    <ClCompile Include="Internal\Shadow\KShadowMap.cpp">
      <Filter>Internal\Shadow</Filter>
    </ClCompile>
    <ClCompile Include="Internal\ECS\Component\KRenderComponent.cpp">
      <Filter>Internal\ECS\Component</Filter>
    </ClCompile>
    <ClCompile Include="Internal\Vulkan\KVulkanCommandBuffer.cpp">
      <Filter>Internal\Vulkan</Filter>
    </ClCompile>
    <ClCompile Include="Internal\Asset\Serializer\KMeshSerializerV0.cpp">
      <Filter>Internal\Asset\Serializer</Filter>
    </ClCompile>
    <ClCompile Include="Internal\KDebugConsole.cpp">
      <Filter>Internal</Filter>
    </ClCompile>
    <ClCompile Include="Internal\Asset\Serializer\KMeshSerializer.cpp">
      <Filter>Internal\Asset\Serializer</Filter>
    </ClCompile>
  </ItemGroup>
</Project>