<?xml version="1.0" encoding="utf-8"?>
<Project ToolsVersion="4.0" xmlns="http://schemas.microsoft.com/developer/msbuild/2003">
  <ItemGroup>
    <Filter Include="Interface">
      <UniqueIdentifier>{dde54179-65b7-4501-bcde-e265b4d7aae5}</UniqueIdentifier>
    </Filter>
    <Filter Include="Internal">
      <UniqueIdentifier>{bbad73e0-9815-4870-aea7-c1b96a73b510}</UniqueIdentifier>
    </Filter>
    <Filter Include="Internal\Vulkan">
      <UniqueIdentifier>{34684c8f-8c6b-4ec6-b233-90aabcf5a266}</UniqueIdentifier>
    </Filter>
    <Filter Include="Internal\Asset">
      <UniqueIdentifier>{1f382214-f4ee-4c0a-8cf4-c96098190be3}</UniqueIdentifier>
    </Filter>
  </ItemGroup>
  <ItemGroup>
    <ClInclude Include="Interface\IKRenderDevice.h">
      <Filter>Interface</Filter>
    </ClInclude>
    <ClInclude Include="Interface\IKRenderWindow.h">
      <Filter>Interface</Filter>
    </ClInclude>
    <ClInclude Include="Internal\Vulkan\KVulkanRenderWindow.h">
      <Filter>Internal\Vulkan</Filter>
    </ClInclude>
    <ClInclude Include="Internal\Vulkan\KVulkanRenderDevice.h">
      <Filter>Internal\Vulkan</Filter>
    </ClInclude>
    <ClInclude Include="Internal\Vulkan\KVulkanHelper.h">
      <Filter>Internal\Vulkan</Filter>
    </ClInclude>
    <ClInclude Include="Interface\IKShader.h">
      <Filter>Interface</Filter>
    </ClInclude>
    <ClInclude Include="Interface\IKRenderConfig.h">
      <Filter>Interface</Filter>
    </ClInclude>
    <ClInclude Include="Internal\Vulkan\KVulkanShader.h">
      <Filter>Internal\Vulkan</Filter>
    </ClInclude>
    <ClInclude Include="Interface\IKProgram.h">
      <Filter>Interface</Filter>
    </ClInclude>
    <ClInclude Include="Internal\Vulkan\KVulkanProgram.h">
      <Filter>Internal\Vulkan</Filter>
    </ClInclude>
    <ClInclude Include="Internal\KVertexDefinition.h">
      <Filter>Internal</Filter>
    </ClInclude>
    <ClInclude Include="Interface\IKBuffer.h">
      <Filter>Interface</Filter>
    </ClInclude>
    <ClInclude Include="Internal\Asset\KMaterial.h">
      <Filter>Internal\Asset</Filter>
    </ClInclude>
    <ClInclude Include="Internal\Asset\KMesh.h">
      <Filter>Internal\Asset</Filter>
    </ClInclude>
    <ClInclude Include="Internal\Asset\KSubMaterial.h">
      <Filter>Internal\Asset</Filter>
    </ClInclude>
    <ClInclude Include="Internal\Asset\KSubMesh.h">
      <Filter>Internal\Asset</Filter>
    </ClInclude>
    <ClInclude Include="Internal\Vulkan\KVulkanBuffer.h">
      <Filter>Internal\Vulkan</Filter>
    </ClInclude>
    <ClInclude Include="Internal\Vulkan\KVulkanGlobal.h">
      <Filter>Internal\Vulkan</Filter>
    </ClInclude>
    <ClInclude Include="Internal\KBufferBase.h">
      <Filter>Internal</Filter>
    </ClInclude>
    <ClInclude Include="Internal\KConstantDefinition.h">
      <Filter>Internal</Filter>
    </ClInclude>
    <ClInclude Include="Internal\KConstantGlobal.h">
      <Filter>Internal</Filter>
    </ClInclude>
    <ClInclude Include="Internal\Vulkan\KVulkanConfig.h">
      <Filter>Internal\Vulkan</Filter>
    </ClInclude>
    <ClInclude Include="Internal\Vulkan\KVulkanHeapAllocator.h">
      <Filter>Internal\Vulkan</Filter>
    </ClInclude>
    <ClInclude Include="Internal\Vulkan\KVulkanSwapChain.h">
      <Filter>Internal\Vulkan</Filter>
    </ClInclude>
    <ClInclude Include="Internal\Vulkan\KVulkanInitializer.h">
      <Filter>Internal\Vulkan</Filter>
    </ClInclude>
    <ClInclude Include="Internal\KTextureBase.h">
      <Filter>Internal</Filter>
    </ClInclude>
    <ClInclude Include="Internal\Vulkan\KVulkanTextrue.h">
      <Filter>Internal\Vulkan</Filter>
    </ClInclude>
    <ClInclude Include="Interface\IKTexture.h">
      <Filter>Interface</Filter>
    </ClInclude>
    <ClInclude Include="Interface\IKSampler.h">
      <Filter>Interface</Filter>
    </ClInclude>
    <ClInclude Include="Internal\Vulkan\KVulkanSampler.h">
      <Filter>Internal\Vulkan</Filter>
    </ClInclude>
    <ClInclude Include="Internal\KSamplerBase.h">
      <Filter>Internal</Filter>
    </ClInclude>
    <ClInclude Include="Internal\Vulkan\KVulkanDepthBuffer.h">
      <Filter>Internal\Vulkan</Filter>
    </ClInclude>
    <ClInclude Include="Interface\IKRenderTarget.h">
      <Filter>Interface</Filter>
    </ClInclude>
    <ClInclude Include="Internal\Vulkan\KVulkanRenderTarget.h">
      <Filter>Internal\Vulkan</Filter>
    </ClInclude>
  </ItemGroup>
  <ItemGroup>
    <ClCompile Include="Internal\Vulkan\KVulkanRenderWindow.cpp">
      <Filter>Internal\Vulkan</Filter>
    </ClCompile>
    <ClCompile Include="Internal\KRenderDevice.cpp">
      <Filter>Internal</Filter>
    </ClCompile>
    <ClCompile Include="Internal\KRenderWindow.cpp">
      <Filter>Internal</Filter>
    </ClCompile>
    <ClCompile Include="Internal\Vulkan\KVulkanRenderDevice.cpp">
      <Filter>Internal\Vulkan</Filter>
    </ClCompile>
    <ClCompile Include="Internal\Vulkan\KVulkanShader.cpp">
      <Filter>Internal\Vulkan</Filter>
    </ClCompile>
    <ClCompile Include="Internal\Vulkan\KVulkanProgram.cpp">
      <Filter>Internal\Vulkan</Filter>
    </ClCompile>
    <ClCompile Include="Internal\KVertexDefinition.cpp">
      <Filter>Internal</Filter>
    </ClCompile>
    <ClCompile Include="Internal\KBufferBase.cpp">
      <Filter>Internal</Filter>
    </ClCompile>
    <ClCompile Include="Internal\Vulkan\KVulkanBuffer.cpp">
      <Filter>Internal\Vulkan</Filter>
    </ClCompile>
    <ClCompile Include="Internal\Vulkan\KVulkanHelper.cpp">
      <Filter>Internal\Vulkan</Filter>
    </ClCompile>
    <ClCompile Include="Internal\Vulkan\KVulkanGlobal.cpp">
      <Filter>Internal\Vulkan</Filter>
    </ClCompile>
    <ClCompile Include="Internal\KConstantDefinition.cpp">
      <Filter>Internal</Filter>
    </ClCompile>
    <ClCompile Include="Internal\KConstantGlobal.cpp">
      <Filter>Internal</Filter>
    </ClCompile>
    <ClCompile Include="Internal\Vulkan\KVulkanHeapAllocator.cpp">
      <Filter>Internal\Vulkan</Filter>
    </ClCompile>
    <ClCompile Include="KRenderMain.cpp">
      <Filter>Internal\Vulkan</Filter>
    </ClCompile>
    <ClCompile Include="Internal\Vulkan\KVulkanSwapChain.cpp">
      <Filter>Internal\Vulkan</Filter>
    </ClCompile>
    <ClCompile Include="Internal\Vulkan\KVulkanInitializer.cpp">
      <Filter>Internal\Vulkan</Filter>
    </ClCompile>
    <ClCompile Include="Internal\KTextureBase.cpp">
      <Filter>Internal</Filter>
    </ClCompile>
    <ClCompile Include="Internal\Vulkan\KVulkanTexture.cpp">
      <Filter>Internal\Vulkan</Filter>
    </ClCompile>
    <ClCompile Include="Internal\KSamplerBase.cpp">
      <Filter>Internal</Filter>
    </ClCompile>
    <ClCompile Include="Internal\Vulkan\KVulkanSampler.cpp">
      <Filter>Internal\Vulkan</Filter>
    </ClCompile>
    <ClCompile Include="Internal\Vulkan\KVulkanDepthBuffer.cpp">
      <Filter>Internal\Vulkan</Filter>
    </ClCompile>
    <ClCompile Include="Internal\Vulkan\KVulkanRenderTarget.cpp" />
  </ItemGroup>
</Project>