<?xml version="1.0" encoding="utf-8"?>
<Project ToolsVersion="4.0" xmlns="http://schemas.microsoft.com/developer/msbuild/2003">
  <ItemGroup>
    <Filter Include="Interface">
      <UniqueIdentifier>{dde54179-65b7-4501-bcde-e265b4d7aae5}</UniqueIdentifier>
    </Filter>
    <Filter Include="Internal">
      <UniqueIdentifier>{bbad73e0-9815-4870-aea7-c1b96a73b510}</UniqueIdentifier>
    </Filter>
    <Filter Include="Internal\Vulkan">
      <UniqueIdentifier>{34684c8f-8c6b-4ec6-b233-90aabcf5a266}</UniqueIdentifier>
    </Filter>
    <Filter Include="Internal\Asset">
      <UniqueIdentifier>{1f382214-f4ee-4c0a-8cf4-c96098190be3}</UniqueIdentifier>
    </Filter>
    <Filter Include="Publish">
      <UniqueIdentifier>{f874efcb-4c25-4320-8ff2-dc8f6e66d276}</UniqueIdentifier>
    </Filter>
    <Filter Include="Internal\Object">
      <UniqueIdentifier>{1985d96b-a5e0-4b04-8495-be2d984eed87}</UniqueIdentifier>
    </Filter>
    <Filter Include="Internal\Manager">
      <UniqueIdentifier>{1558d674-c1d0-4388-a389-2f51e0fc2c6d}</UniqueIdentifier>
    </Filter>
    <Filter Include="Internal\ECS">
      <UniqueIdentifier>{8967d34f-37de-4b73-a589-6c710cb790a8}</UniqueIdentifier>
    </Filter>
    <Filter Include="Internal\ECS\Component">
      <UniqueIdentifier>{b865c2f1-91cd-4de3-8015-b78b7f619537}</UniqueIdentifier>
    </Filter>
    <Filter Include="Internal\ECS\System">
      <UniqueIdentifier>{c83286fc-13f7-4857-85a5-f38f1d2e1bfa}</UniqueIdentifier>
    </Filter>
    <Filter Include="Internal\Shadow">
      <UniqueIdentifier>{c265759e-630b-41c6-ac9e-8587ee6d2412}</UniqueIdentifier>
    </Filter>
    <Filter Include="Internal\Asset\Serializer">
      <UniqueIdentifier>{33de496f-8ea2-46ac-8a58-05cce571f0c7}</UniqueIdentifier>
    </Filter>
    <Filter Include="Internal\PostProcess">
      <UniqueIdentifier>{fde19757-99a2-452b-9990-bfae5dfd77f6}</UniqueIdentifier>
    </Filter>
    <Filter Include="Internal\Scene">
      <UniqueIdentifier>{f03dae9d-eae0-46e1-9dbd-4d8312daa32b}</UniqueIdentifier>
    </Filter>
    <Filter Include="Internal\Window">
      <UniqueIdentifier>{3c22e8fe-9e8c-417b-b03c-356abf1caab9}</UniqueIdentifier>
    </Filter>
    <Filter Include="Internal\Gizmo">
      <UniqueIdentifier>{c2114faa-71be-454b-b273-2044004f7233}</UniqueIdentifier>
    </Filter>
    <Filter Include="Internal\Controller">
      <UniqueIdentifier>{02b90263-ebce-41ba-a4fb-1299848c2060}</UniqueIdentifier>
    </Filter>
    <Filter Include="Internal\Asset\Material">
      <UniqueIdentifier>{426b495a-870c-4b3d-8cfe-92921e2da6b3}</UniqueIdentifier>
    </Filter>
    <Filter Include="Internal\FrameGraph">
      <UniqueIdentifier>{4f6ce8f6-11bd-4d7f-8852-cbba5123146d}</UniqueIdentifier>
    </Filter>
    <Filter Include="Internal\RayTrace">
      <UniqueIdentifier>{56e8c0fe-0753-4f9a-9da7-ded5ae38147b}</UniqueIdentifier>
    </Filter>
    <Filter Include="Internal\Asset\Meshlet">
      <UniqueIdentifier>{92ff14c0-0d03-4bac-b20c-78455bcc2f16}</UniqueIdentifier>
    </Filter>
    <Filter Include="Internal\Voxilzer">
      <UniqueIdentifier>{e4a63dbf-ca52-4caa-ab5c-e1cb983db3b6}</UniqueIdentifier>
    </Filter>
    <Filter Include="Internal\Terrain">
      <UniqueIdentifier>{c8c5f491-9833-4982-8ff3-2b23dd5682c4}</UniqueIdentifier>
    </Filter>
    <Filter Include="Internal\Terrain\Clipmap">
      <UniqueIdentifier>{2c867b43-cc21-4a7e-8a2b-dc0ff04bffaf}</UniqueIdentifier>
    </Filter>
    <Filter Include="Internal\ShaderMap">
      <UniqueIdentifier>{65c684d6-d80f-42e3-a058-413636bec6fc}</UniqueIdentifier>
    </Filter>
    <Filter Include="Internal\Render">
      <UniqueIdentifier>{1af52500-8b99-462a-802e-894dac1dbc6f}</UniqueIdentifier>
    </Filter>
    <Filter Include="Internal\VirtualGeometry">
      <UniqueIdentifier>{f5231b21-2e5d-4ec1-ba23-50e616d85898}</UniqueIdentifier>
    </Filter>
    <Filter Include="Internal\GPUScene">
      <UniqueIdentifier>{11f6578e-72d8-4930-871e-36b83a7f92a3}</UniqueIdentifier>
    </Filter>
    <Filter Include="Internal\VirtualTexture">
      <UniqueIdentifier>{f3083cb1-683c-4457-b816-35029062a9b5}</UniqueIdentifier>
    </Filter>
  </ItemGroup>
  <ItemGroup>
    <ClInclude Include="Interface\IKRenderDevice.h">
      <Filter>Interface</Filter>
    </ClInclude>
    <ClInclude Include="Interface\IKRenderWindow.h">
      <Filter>Interface</Filter>
    </ClInclude>
    <ClInclude Include="Internal\Vulkan\KVulkanRenderDevice.h">
      <Filter>Internal\Vulkan</Filter>
    </ClInclude>
    <ClInclude Include="Internal\Vulkan\KVulkanHelper.h">
      <Filter>Internal\Vulkan</Filter>
    </ClInclude>
    <ClInclude Include="Interface\IKShader.h">
      <Filter>Interface</Filter>
    </ClInclude>
    <ClInclude Include="Interface\IKRenderConfig.h">
      <Filter>Interface</Filter>
    </ClInclude>
    <ClInclude Include="Internal\Vulkan\KVulkanShader.h">
      <Filter>Internal\Vulkan</Filter>
    </ClInclude>
    <ClInclude Include="Internal\KVertexDefinition.h">
      <Filter>Internal</Filter>
    </ClInclude>
    <ClInclude Include="Interface\IKBuffer.h">
      <Filter>Interface</Filter>
    </ClInclude>
    <ClInclude Include="Internal\Asset\KSubMesh.h">
      <Filter>Internal\Asset</Filter>
    </ClInclude>
    <ClInclude Include="Internal\Vulkan\KVulkanBuffer.h">
      <Filter>Internal\Vulkan</Filter>
    </ClInclude>
    <ClInclude Include="Internal\Vulkan\KVulkanGlobal.h">
      <Filter>Internal\Vulkan</Filter>
    </ClInclude>
    <ClInclude Include="Internal\KBufferBase.h">
      <Filter>Internal</Filter>
    </ClInclude>
    <ClInclude Include="Internal\KConstantDefinition.h">
      <Filter>Internal</Filter>
    </ClInclude>
    <ClInclude Include="Internal\KConstantGlobal.h">
      <Filter>Internal</Filter>
    </ClInclude>
    <ClInclude Include="Internal\Vulkan\KVulkanConfig.h">
      <Filter>Internal\Vulkan</Filter>
    </ClInclude>
    <ClInclude Include="Internal\Vulkan\KVulkanHeapAllocator.h">
      <Filter>Internal\Vulkan</Filter>
    </ClInclude>
    <ClInclude Include="Internal\Vulkan\KVulkanSwapChain.h">
      <Filter>Internal\Vulkan</Filter>
    </ClInclude>
    <ClInclude Include="Internal\Vulkan\KVulkanInitializer.h">
      <Filter>Internal\Vulkan</Filter>
    </ClInclude>
    <ClInclude Include="Internal\KTextureBase.h">
      <Filter>Internal</Filter>
    </ClInclude>
    <ClInclude Include="Interface\IKTexture.h">
      <Filter>Interface</Filter>
    </ClInclude>
    <ClInclude Include="Interface\IKSampler.h">
      <Filter>Interface</Filter>
    </ClInclude>
    <ClInclude Include="Internal\Vulkan\KVulkanSampler.h">
      <Filter>Internal\Vulkan</Filter>
    </ClInclude>
    <ClInclude Include="Internal\KSamplerBase.h">
      <Filter>Internal</Filter>
    </ClInclude>
    <ClInclude Include="Interface\IKRenderTarget.h">
      <Filter>Interface</Filter>
    </ClInclude>
    <ClInclude Include="Internal\Vulkan\KVulkanRenderTarget.h">
      <Filter>Internal\Vulkan</Filter>
    </ClInclude>
    <ClInclude Include="Interface\IKPipeline.h">
      <Filter>Interface</Filter>
    </ClInclude>
    <ClInclude Include="Internal\Vulkan\KVulkanPipeline.h">
      <Filter>Internal\Vulkan</Filter>
    </ClInclude>
    <ClInclude Include="Internal\KRenderThreadPool.h">
      <Filter>Internal</Filter>
    </ClInclude>
    <ClInclude Include="Publish\KCamera.h">
      <Filter>Publish</Filter>
    </ClInclude>
    <ClInclude Include="Interface\IKUIOverlay.h">
      <Filter>Interface</Filter>
    </ClInclude>
    <ClInclude Include="Internal\KUIOverlayBase.h">
      <Filter>Internal</Filter>
    </ClInclude>
    <ClInclude Include="Internal\Vulkan\KVulkanUIOverlay.h">
      <Filter>Internal\Vulkan</Filter>
    </ClInclude>
    <ClInclude Include="Internal\Vulkan\KVulkanTexture.h">
      <Filter>Internal\Vulkan</Filter>
    </ClInclude>
    <ClInclude Include="Internal\Asset\KMesh.h">
      <Filter>Internal\Asset</Filter>
    </ClInclude>
    <ClInclude Include="Internal\KRenderGlobal.h">
      <Filter>Internal</Filter>
    </ClInclude>
    <ClInclude Include="Internal\Manager\KFrameResourceManager.h">
      <Filter>Internal\Manager</Filter>
    </ClInclude>
    <ClInclude Include="Internal\Manager\KMeshManager.h">
      <Filter>Internal\Manager</Filter>
    </ClInclude>
    <ClInclude Include="Internal\Manager\KShaderManager.h">
      <Filter>Internal\Manager</Filter>
    </ClInclude>
    <ClInclude Include="Internal\Manager\KTextureManager.h">
      <Filter>Internal\Manager</Filter>
    </ClInclude>
    <ClInclude Include="Internal\ECS\Component\KTransformComponent.h">
      <Filter>Internal\ECS\Component</Filter>
    </ClInclude>
    <ClInclude Include="Internal\ECS\Component\KRenderComponent.h">
      <Filter>Internal\ECS\Component</Filter>
    </ClInclude>
    <ClInclude Include="Internal\ECS\KECSGlobal.h">
      <Filter>Internal\ECS</Filter>
    </ClInclude>
    <ClInclude Include="Internal\ECS\System\KCullSystem.h">
      <Filter>Internal\ECS\System</Filter>
    </ClInclude>
    <ClInclude Include="Internal\Shadow\KShadowMap.h">
      <Filter>Internal\Shadow</Filter>
    </ClInclude>
    <ClInclude Include="Interface\IKCommandBuffer.h">
      <Filter>Interface</Filter>
    </ClInclude>
    <ClInclude Include="Interface\IKRenderCommand.h">
      <Filter>Interface</Filter>
    </ClInclude>
    <ClInclude Include="Internal\Vulkan\KVulkanCommandBuffer.h">
      <Filter>Internal\Vulkan</Filter>
    </ClInclude>
    <ClInclude Include="Internal\Asset\Serializer\KMeshSerializer.h">
      <Filter>Internal\Asset\Serializer</Filter>
    </ClInclude>
    <ClInclude Include="Internal\Asset\Serializer\KMeshSerializerV0.h">
      <Filter>Internal\Asset\Serializer</Filter>
    </ClInclude>
    <ClInclude Include="Internal\KDebugConsole.h">
      <Filter>Internal</Filter>
    </ClInclude>
    <ClInclude Include="Interface\IKSwapChain.h">
      <Filter>Interface</Filter>
    </ClInclude>
    <ClInclude Include="Internal\KRenderCore.h">
      <Filter>Internal</Filter>
    </ClInclude>
    <ClInclude Include="Internal\PostProcess\KPostProcessManager.h">
      <Filter>Internal\PostProcess</Filter>
    </ClInclude>
    <ClInclude Include="Internal\Scene\KOctreeSceneManager.h">
      <Filter>Internal\Scene</Filter>
    </ClInclude>
    <ClInclude Include="Interface\IKRenderCore.h">
      <Filter>Interface</Filter>
    </ClInclude>
    <ClInclude Include="Internal\PostProcess\KPostProcessPass.h">
      <Filter>Internal\PostProcess</Filter>
    </ClInclude>
    <ClInclude Include="Internal\PostProcess\KPostProcessConnection.h">
      <Filter>Internal\PostProcess</Filter>
    </ClInclude>
    <ClInclude Include="Internal\Window\KGLFWRenderWindow.h">
      <Filter>Internal\Window</Filter>
    </ClInclude>
    <ClInclude Include="Internal\Window\KAndroidRenderWindow.h">
      <Filter>Internal\Window</Filter>
    </ClInclude>
    <ClInclude Include="Interface\IKResource.h">
      <Filter>Interface</Filter>
    </ClInclude>
    <ClInclude Include="Internal\PostProcess\KPostProcessData.h">
      <Filter>Internal\PostProcess</Filter>
    </ClInclude>
    <ClInclude Include="Interface\IKPostProcess.h">
      <Filter>Interface</Filter>
    </ClInclude>
    <ClInclude Include="Publish\KEnumString.h">
      <Filter>Publish</Filter>
    </ClInclude>
    <ClInclude Include="Internal\PostProcess\KPostProcessTexture.h">
      <Filter>Internal\PostProcess</Filter>
    </ClInclude>
    <ClInclude Include="Internal\Scene\KSceneManagerBase.h">
      <Filter>Internal\Scene</Filter>
    </ClInclude>
    <ClInclude Include="Internal\Scene\KOctreeNode.h">
      <Filter>Internal\Scene</Filter>
    </ClInclude>
    <ClInclude Include="Internal\Gizmo\KMoveGizmo.h">
      <Filter>Internal\Gizmo</Filter>
    </ClInclude>
    <ClInclude Include="Interface\IKGizmo.h">
      <Filter>Interface</Filter>
    </ClInclude>
    <ClInclude Include="Internal\ECS\Component\KDebugComponent.h">
      <Filter>Internal\ECS\Component</Filter>
    </ClInclude>
    <ClInclude Include="Internal\Gizmo\KGizmoBase.h">
      <Filter>Internal\Gizmo</Filter>
    </ClInclude>
    <ClInclude Include="Internal\Gizmo\KRotateGizmo.h">
      <Filter>Internal\Gizmo</Filter>
    </ClInclude>
    <ClInclude Include="Internal\Gizmo\KScaleGizmo.h">
      <Filter>Internal\Gizmo</Filter>
    </ClInclude>
    <ClInclude Include="Internal\Gizmo\KGizmo.h">
      <Filter>Internal\Gizmo</Filter>
    </ClInclude>
    <ClInclude Include="Internal\Asset\KTriangleMesh.h">
      <Filter>Internal\Asset</Filter>
    </ClInclude>
    <ClInclude Include="Internal\Controller\KCameraMoveController.h">
      <Filter>Internal\Controller</Filter>
    </ClInclude>
    <ClInclude Include="Internal\Controller\KUIOverlayController.h">
      <Filter>Internal\Controller</Filter>
    </ClInclude>
    <ClInclude Include="Internal\Controller\KGizmoController.h">
      <Filter>Internal\Controller</Filter>
    </ClInclude>
    <ClInclude Include="Internal\KStatistics.h">
      <Filter>Internal</Filter>
    </ClInclude>
    <ClInclude Include="Interface\IKStatistics.h">
      <Filter>Interface</Filter>
    </ClInclude>
    <ClInclude Include="Internal\ECS\KRenderComponentManager.h">
      <Filter>Internal\ECS</Filter>
    </ClInclude>
    <ClInclude Include="Interface\IKRenderScene.h">
      <Filter>Interface</Filter>
    </ClInclude>
    <ClInclude Include="Internal\Scene\KRenderScene.h">
      <Filter>Internal\Scene</Filter>
    </ClInclude>
    <ClInclude Include="Internal\Gizmo\KCameraCube.h">
      <Filter>Internal\Gizmo</Filter>
    </ClInclude>
    <ClInclude Include="Internal\Shadow\KCascadedShadowMap.h">
      <Filter>Internal\Shadow</Filter>
    </ClInclude>
    <ClInclude Include="Interface\IKCameraController.h">
      <Filter>Interface</Filter>
    </ClInclude>
    <ClInclude Include="Internal\Vulkan\KVulkanQuery.h">
      <Filter>Internal\Vulkan</Filter>
    </ClInclude>
    <ClInclude Include="Internal\Object\KOcclusionBox.h">
      <Filter>Internal\Object</Filter>
    </ClInclude>
    <ClInclude Include="Interface\IKQuery.h">
      <Filter>Interface</Filter>
    </ClInclude>
    <ClInclude Include="Internal\Vulkan\KVulkanDescripiorPool.h">
      <Filter>Internal\Vulkan</Filter>
    </ClInclude>
    <ClInclude Include="Internal\Manager\KDynamicConstantBufferManager.h">
      <Filter>Internal\Manager</Filter>
    </ClInclude>
    <ClInclude Include="Internal\Asset\Material\KMaterialParameter.h">
      <Filter>Internal\Asset\Material</Filter>
    </ClInclude>
    <ClInclude Include="Internal\Asset\Material\KMaterialValue.h">
      <Filter>Internal\Asset\Material</Filter>
    </ClInclude>
    <ClInclude Include="Interface\IKMaterial.h">
      <Filter>Interface</Filter>
    </ClInclude>
    <ClInclude Include="Internal\Asset\KMaterial.h">
      <Filter>Internal\Asset</Filter>
    </ClInclude>
    <ClInclude Include="Internal\Manager\KMaterialManager.h">
      <Filter>Internal\Manager</Filter>
    </ClInclude>
    <ClInclude Include="Internal\Asset\KMaterialSubMesh.h">
      <Filter>Internal\Asset</Filter>
    </ClInclude>
    <ClInclude Include="Internal\Manager\KInstanceBufferManager.h">
      <Filter>Internal\Manager</Filter>
    </ClInclude>
    <ClInclude Include="Interface\IKRenderDispatcher.h">
      <Filter>Interface</Filter>
    </ClInclude>
    <ClInclude Include="Internal\Controller\KCameraPreviewController.h">
      <Filter>Internal\Controller</Filter>
    </ClInclude>
    <ClInclude Include="Internal\Asset\Material\KMaterialTextureBinding.h">
      <Filter>Internal\Asset\Material</Filter>
    </ClInclude>
    <ClInclude Include="Internal\Asset\Material\KMaterialShader.h">
      <Filter>Internal\Asset\Material</Filter>
    </ClInclude>
    <ClInclude Include="Internal\FrameGraph\KFrameGraphPass.h">
      <Filter>Internal\FrameGraph</Filter>
    </ClInclude>
    <ClInclude Include="Internal\FrameGraph\KFrameGraphHandle.h">
      <Filter>Internal\FrameGraph</Filter>
    </ClInclude>
    <ClInclude Include="Internal\FrameGraph\KFrameGraphResource.h">
      <Filter>Internal\FrameGraph</Filter>
    </ClInclude>
    <ClInclude Include="Internal\FrameGraph\KFrameGraph.h">
      <Filter>Internal\FrameGraph</Filter>
    </ClInclude>
    <ClInclude Include="Internal\FrameGraph\KFrameGraphBuilder.h">
      <Filter>Internal\FrameGraph</Filter>
    </ClInclude>
    <ClInclude Include="Interface\IKFrameBuffer.h">
      <Filter>Interface</Filter>
    </ClInclude>
    <ClInclude Include="Internal\Vulkan\KVulkanFrameBuffer.h">
      <Filter>Internal\Vulkan</Filter>
    </ClInclude>
    <ClInclude Include="Internal\Vulkan\KVulkanRenderPass.h">
      <Filter>Internal\Vulkan</Filter>
    </ClInclude>
    <ClInclude Include="Interface\IKRenderPass.h">
      <Filter>Interface</Filter>
    </ClInclude>
    <ClInclude Include="Internal\FrameGraph\KFrameGraphExecutor.h">
      <Filter>Internal\FrameGraph</Filter>
    </ClInclude>
    <ClInclude Include="Internal\Object\KPrefiterCubeMap.h">
      <Filter>Internal\Object</Filter>
    </ClInclude>
    <ClInclude Include="Interface\IKAccelerationStructure.h">
      <Filter>Interface</Filter>
    </ClInclude>
    <ClInclude Include="Internal\Vulkan\KVulkanAccelerationStructure.h">
      <Filter>Internal\Vulkan</Filter>
    </ClInclude>
    <ClInclude Include="Internal\Vulkan\KVulkanRayTracePipeline.h">
      <Filter>Internal\Vulkan</Filter>
    </ClInclude>
    <ClInclude Include="Internal\RayTrace\KRayTraceManager.h">
      <Filter>Internal\RayTrace</Filter>
    </ClInclude>
    <ClInclude Include="Internal\RayTrace\KRayTraceScene.h">
      <Filter>Internal\RayTrace</Filter>
    </ClInclude>
    <ClInclude Include="Interface\IKRayTrace.h">
      <Filter>Interface</Filter>
    </ClInclude>
    <ClInclude Include="Interface\IKRayTracePipeline.h">
      <Filter>Interface</Filter>
    </ClInclude>
    <ClInclude Include="Internal\Object\KGBuffer.h">
      <Filter>Internal\Object</Filter>
    </ClInclude>
    <ClInclude Include="Interface\IKComputePipeline.h">
      <Filter>Interface</Filter>
    </ClInclude>
    <ClInclude Include="Internal\Vulkan\KVulkanComputePipeline.h">
      <Filter>Internal\Vulkan</Filter>
    </ClInclude>
    <ClInclude Include="Internal\Object\KRTAO.h">
      <Filter>Internal\Object</Filter>
    </ClInclude>
    <ClInclude Include="Internal\Object\KDebugDrawer.h">
      <Filter>Internal\Object</Filter>
    </ClInclude>
    <ClInclude Include="Internal\Asset\Meshlet\KMeshlet.h">
      <Filter>Internal\Asset\Meshlet</Filter>
    </ClInclude>
    <ClInclude Include="Internal\Voxilzer\KVoxilzer.h">
      <Filter>Internal\Voxilzer</Filter>
    </ClInclude>
    <ClInclude Include="Internal\Object\KWhiteFurnace.h">
      <Filter>Internal\Object</Filter>
    </ClInclude>
    <ClInclude Include="Internal\Terrain\KHeightMap.h">
      <Filter>Internal\Terrain</Filter>
    </ClInclude>
    <ClInclude Include="Internal\Terrain\Clipmap\KClipmap.h">
      <Filter>Internal\Terrain\Clipmap</Filter>
    </ClInclude>
    <ClInclude Include="Internal\Terrain\KTerrain.h">
      <Filter>Internal\Terrain</Filter>
    </ClInclude>
    <ClInclude Include="Internal\Voxilzer\KClipmapVoxilzer.h">
      <Filter>Internal\Voxilzer</Filter>
    </ClInclude>
    <ClInclude Include="Internal\ShaderMap\KShaderMap.h">
      <Filter>Internal\ShaderMap</Filter>
    </ClInclude>
    <ClInclude Include="Internal\Render\KDeferredRenderer.h">
      <Filter>Internal\Render</Filter>
    </ClInclude>
    <ClInclude Include="Internal\Object\KSkyBox.h">
      <Filter>Internal\Object</Filter>
    </ClInclude>
    <ClInclude Include="Internal\Object\KQuadDataProvider.h">
      <Filter>Internal\Object</Filter>
    </ClInclude>
    <ClInclude Include="Internal\Render\KRenderer.h">
      <Filter>Internal\Render</Filter>
    </ClInclude>
    <ClInclude Include="Internal\Render\KRenderUtil.h">
      <Filter>Internal\Render</Filter>
    </ClInclude>
    <ClInclude Include="Interface\IKRenderer.h">
      <Filter>Interface</Filter>
    </ClInclude>
    <ClInclude Include="Internal\Manager\KSamplerManager.h">
      <Filter>Internal\Manager</Filter>
    </ClInclude>
    <ClInclude Include="Internal\Object\KHiZBuffer.h">
      <Filter>Internal\Object</Filter>
    </ClInclude>
    <ClInclude Include="Internal\Object\KHiZOcclusion.h">
      <Filter>Internal\Object</Filter>
    </ClInclude>
    <ClInclude Include="Internal\Object\KVolumetricFog.h">
      <Filter>Internal\Object</Filter>
    </ClInclude>
    <ClInclude Include="Internal\Object\KScreenSpaceReflection.h">
      <Filter>Internal\Object</Filter>
    </ClInclude>
    <ClInclude Include="Internal\Object\KDepthOfField.h">
      <Filter>Internal\Object</Filter>
    </ClInclude>
    <ClInclude Include="Internal\KRenderImGui.h">
      <Filter>Internal</Filter>
    </ClInclude>
    <ClInclude Include="Internal\KRenderStage.h">
      <Filter>Internal</Filter>
    </ClInclude>
    <ClInclude Include="Interface\IKQueue.h">
      <Filter>Interface</Filter>
    </ClInclude>
    <ClInclude Include="Internal\Vulkan\KVulkanQueue.h">
      <Filter>Internal\Vulkan</Filter>
    </ClInclude>
    <ClInclude Include="Internal\Vulkan\KVulkanPipelineLayout.h">
      <Filter>Internal\Vulkan</Filter>
    </ClInclude>
    <ClInclude Include="Internal\KPipelineBase.h">
      <Filter>Internal</Filter>
    </ClInclude>
    <ClInclude Include="Internal\Manager\KPipelineManager.h">
      <Filter>Internal\Manager</Filter>
    </ClInclude>
    <ClInclude Include="Internal\ECS\Component\KUserComponent.h">
      <Filter>Internal\ECS\Component</Filter>
    </ClInclude>
    <ClInclude Include="Internal\VirtualGeometry\KVirtualGeometryScene.h">
      <Filter>Internal\VirtualGeometry</Filter>
    </ClInclude>
    <ClInclude Include="Internal\VirtualGeometry\KVirtualGeometryManager.h">
      <Filter>Internal\VirtualGeometry</Filter>
    </ClInclude>
    <ClInclude Include="Internal\VirtualGeometry\KVirtualGeomerty.h">
      <Filter>Internal\VirtualGeometry</Filter>
    </ClInclude>
    <ClInclude Include="Internal\VirtualGeometry\KVirtualGeometryStreaming.h" />
    <ClInclude Include="Internal\GPUScene\KGPUScene.h">
      <Filter>Internal\GPUScene</Filter>
    </ClInclude>
    <ClInclude Include="Internal\VirtualTexture\KVirtualTextureManager.h">
      <Filter>Internal\VirtualTexture</Filter>
    </ClInclude>
    <ClInclude Include="Internal\VirtualTexture\KVirtualTexture.h">
      <Filter>Internal\VirtualTexture</Filter>
    </ClInclude>
    <ClInclude Include="Internal\KRenderThread.h">
      <Filter>Internal</Filter>
    </ClInclude>
    <ClInclude Include="Internal\Render\KRHICommandList.h">
      <Filter>Internal\Render</Filter>
    </ClInclude>
    <ClInclude Include="Internal\Object\KDepthPeeling.h">
      <Filter>Internal\Object</Filter>
    </ClInclude>
    <ClInclude Include="Internal\Object\KABufferDepthPeeling.h">
      <Filter>Internal\Object</Filter>
    </ClInclude>
    <ClInclude Include="Internal\Vulkan\KVulkanDebug.h">
      <Filter>Internal\Vulkan</Filter>
    </ClInclude>
  </ItemGroup>
  <ItemGroup>
    <ClCompile Include="Internal\KRenderDevice.cpp">
      <Filter>Internal</Filter>
    </ClCompile>
    <ClCompile Include="Internal\KRenderWindow.cpp">
      <Filter>Internal</Filter>
    </ClCompile>
    <ClCompile Include="Internal\Vulkan\KVulkanRenderDevice.cpp">
      <Filter>Internal\Vulkan</Filter>
    </ClCompile>
    <ClCompile Include="Internal\Vulkan\KVulkanShader.cpp">
      <Filter>Internal\Vulkan</Filter>
    </ClCompile>
    <ClCompile Include="Internal\KVertexDefinition.cpp">
      <Filter>Internal</Filter>
    </ClCompile>
    <ClCompile Include="Internal\Vulkan\KVulkanBuffer.cpp">
      <Filter>Internal\Vulkan</Filter>
    </ClCompile>
    <ClCompile Include="Internal\Vulkan\KVulkanHelper.cpp">
      <Filter>Internal\Vulkan</Filter>
    </ClCompile>
    <ClCompile Include="Internal\Vulkan\KVulkanGlobal.cpp">
      <Filter>Internal\Vulkan</Filter>
    </ClCompile>
    <ClCompile Include="Internal\KConstantDefinition.cpp">
      <Filter>Internal</Filter>
    </ClCompile>
    <ClCompile Include="Internal\KConstantGlobal.cpp">
      <Filter>Internal</Filter>
    </ClCompile>
    <ClCompile Include="Internal\Vulkan\KVulkanHeapAllocator.cpp">
      <Filter>Internal\Vulkan</Filter>
    </ClCompile>
    <ClCompile Include="KRenderMain.cpp">
      <Filter>Internal\Vulkan</Filter>
    </ClCompile>
    <ClCompile Include="Internal\Vulkan\KVulkanSwapChain.cpp">
      <Filter>Internal\Vulkan</Filter>
    </ClCompile>
    <ClCompile Include="Internal\Vulkan\KVulkanInitializer.cpp">
      <Filter>Internal\Vulkan</Filter>
    </ClCompile>
    <ClCompile Include="Internal\KTextureBase.cpp">
      <Filter>Internal</Filter>
    </ClCompile>
    <ClCompile Include="Internal\Vulkan\KVulkanTexture.cpp">
      <Filter>Internal\Vulkan</Filter>
    </ClCompile>
    <ClCompile Include="Internal\KSamplerBase.cpp">
      <Filter>Internal</Filter>
    </ClCompile>
    <ClCompile Include="Internal\Vulkan\KVulkanSampler.cpp">
      <Filter>Internal\Vulkan</Filter>
    </ClCompile>
    <ClCompile Include="Internal\Vulkan\KVulkanRenderTarget.cpp">
      <Filter>Internal\Vulkan</Filter>
    </ClCompile>
    <ClCompile Include="Internal\Vulkan\KVulkanPipeline.cpp">
      <Filter>Internal\Vulkan</Filter>
    </ClCompile>
    <ClCompile Include="Internal\KUIOverlayBase.cpp">
      <Filter>Internal</Filter>
    </ClCompile>
    <ClCompile Include="Internal\Vulkan\KVulkanUIOverlay.cpp">
      <Filter>Internal\Vulkan</Filter>
    </ClCompile>
    <ClCompile Include="Internal\Object\KSkyBox.cpp">
      <Filter>Internal\Object</Filter>
    </ClCompile>
    <ClCompile Include="Internal\Asset\KSubMesh.cpp">
      <Filter>Internal\Asset</Filter>
    </ClCompile>
    <ClCompile Include="Internal\Asset\KMesh.cpp">
      <Filter>Internal\Asset</Filter>
    </ClCompile>
    <ClCompile Include="Internal\KRenderGlobal.cpp">
      <Filter>Internal</Filter>
    </ClCompile>
    <ClCompile Include="Internal\Manager\KFrameResourceManager.cpp">
      <Filter>Internal\Manager</Filter>
    </ClCompile>
    <ClCompile Include="Internal\Manager\KMeshManager.cpp">
      <Filter>Internal\Manager</Filter>
    </ClCompile>
    <ClCompile Include="Internal\Manager\KShaderManager.cpp">
      <Filter>Internal\Manager</Filter>
    </ClCompile>
    <ClCompile Include="Internal\Manager\KTextureManager.cpp">
      <Filter>Internal\Manager</Filter>
    </ClCompile>
    <ClCompile Include="Internal\ECS\KECSGlobal.cpp">
      <Filter>Internal\ECS</Filter>
    </ClCompile>
    <ClCompile Include="Internal\ECS\System\KCullSystem.cpp">
      <Filter>Internal\ECS\System</Filter>
    </ClCompile>
    <ClCompile Include="Internal\KBufferBase.cpp">
      <Filter>Internal</Filter>
    </ClCompile>
    <ClCompile Include="Internal\Shadow\KShadowMap.cpp">
      <Filter>Internal\Shadow</Filter>
    </ClCompile>
    <ClCompile Include="Internal\ECS\Component\KRenderComponent.cpp">
      <Filter>Internal\ECS\Component</Filter>
    </ClCompile>
    <ClCompile Include="Internal\Vulkan\KVulkanCommandBuffer.cpp">
      <Filter>Internal\Vulkan</Filter>
    </ClCompile>
    <ClCompile Include="Internal\Asset\Serializer\KMeshSerializerV0.cpp">
      <Filter>Internal\Asset\Serializer</Filter>
    </ClCompile>
    <ClCompile Include="Internal\KDebugConsole.cpp">
      <Filter>Internal</Filter>
    </ClCompile>
    <ClCompile Include="Internal\Asset\Serializer\KMeshSerializer.cpp">
      <Filter>Internal\Asset\Serializer</Filter>
    </ClCompile>
    <ClCompile Include="Internal\KRenderCore.cpp">
      <Filter>Internal</Filter>
    </ClCompile>
    <ClCompile Include="Internal\PostProcess\KPostProcessManager.cpp">
      <Filter>Internal\PostProcess</Filter>
    </ClCompile>
    <ClCompile Include="Internal\PostProcess\KPostProcessPass.cpp">
      <Filter>Internal\PostProcess</Filter>
    </ClCompile>
    <ClCompile Include="Internal\PostProcess\KPostProcessConnection.cpp">
      <Filter>Internal\PostProcess</Filter>
    </ClCompile>
    <ClCompile Include="Internal\Window\KGLFWRenderWindow.cpp">
      <Filter>Internal\Window</Filter>
    </ClCompile>
    <ClCompile Include="Internal\Window\KAndroidRenderWindow.cpp">
      <Filter>Internal\Window</Filter>
    </ClCompile>
    <ClCompile Include="Internal\PostProcess\KPostProcessTexture.cpp">
      <Filter>Internal\PostProcess</Filter>
    </ClCompile>
    <ClCompile Include="Internal\PostProcess\KPostProcessData.cpp">
      <Filter>Internal\PostProcess</Filter>
    </ClCompile>
    <ClCompile Include="Internal\Scene\KOctreeSceneManager.cpp">
      <Filter>Internal\Scene</Filter>
    </ClCompile>
    <ClCompile Include="Internal\Gizmo\KMoveGizmo.cpp">
      <Filter>Internal\Gizmo</Filter>
    </ClCompile>
    <ClCompile Include="Internal\Gizmo\KGizmo.cpp">
      <Filter>Internal\Gizmo</Filter>
    </ClCompile>
    <ClCompile Include="Internal\Gizmo\KGizmoBase.cpp">
      <Filter>Internal\Gizmo</Filter>
    </ClCompile>
    <ClCompile Include="Internal\Gizmo\KRotateGizmo.cpp">
      <Filter>Internal\Gizmo</Filter>
    </ClCompile>
    <ClCompile Include="Internal\Gizmo\KScaleGizmo.cpp">
      <Filter>Internal\Gizmo</Filter>
    </ClCompile>
    <ClCompile Include="Internal\Controller\KCameraMoveController.cpp">
      <Filter>Internal\Controller</Filter>
    </ClCompile>
    <ClCompile Include="Internal\Controller\KUIOverlayController.cpp">
      <Filter>Internal\Controller</Filter>
    </ClCompile>
    <ClCompile Include="Internal\Controller\KGizmoController.cpp">
      <Filter>Internal\Controller</Filter>
    </ClCompile>
    <ClCompile Include="Internal\KStatistics.cpp">
      <Filter>Internal</Filter>
    </ClCompile>
    <ClCompile Include="Internal\ECS\KRenderComponentManager.cpp">
      <Filter>Internal\ECS</Filter>
    </ClCompile>
    <ClCompile Include="Internal\Scene\KRenderScene.cpp">
      <Filter>Internal\Scene</Filter>
    </ClCompile>
    <ClCompile Include="Internal\Gizmo\KCameraCube.cpp">
      <Filter>Internal\Gizmo</Filter>
    </ClCompile>
    <ClCompile Include="Internal\Shadow\KCascadedShadowMap.cpp">
      <Filter>Internal\Shadow</Filter>
    </ClCompile>
    <ClCompile Include="Internal\ECS\Component\KDebugComponent.cpp">
      <Filter>Internal\ECS\Component</Filter>
    </ClCompile>
    <ClCompile Include="Internal\ECS\Component\KTransformComponent.cpp">
      <Filter>Internal\ECS\Component</Filter>
    </ClCompile>
    <ClCompile Include="Internal\Vulkan\KVulkanQuery.cpp">
      <Filter>Internal\Vulkan</Filter>
    </ClCompile>
    <ClCompile Include="Internal\Object\KOcclusionBox.cpp">
      <Filter>Internal\Object</Filter>
    </ClCompile>
    <ClCompile Include="Internal\Vulkan\KVulkanDescriptorPool.cpp">
      <Filter>Internal\Vulkan</Filter>
    </ClCompile>
    <ClCompile Include="Internal\Manager\KDynamicConstantBufferManager.cpp">
      <Filter>Internal\Manager</Filter>
    </ClCompile>
    <ClCompile Include="Internal\Asset\Material\KMaterialParameter.cpp">
      <Filter>Internal\Asset\Material</Filter>
    </ClCompile>
    <ClCompile Include="Internal\Asset\KMaterial.cpp">
      <Filter>Internal\Asset</Filter>
    </ClCompile>
    <ClCompile Include="Internal\Manager\KMaterialManager.cpp">
      <Filter>Internal\Manager</Filter>
    </ClCompile>
    <ClCompile Include="Internal\Asset\KMaterialSubMesh.cpp">
      <Filter>Internal\Asset</Filter>
    </ClCompile>
    <ClCompile Include="Internal\Manager\KInstanceBufferManager.cpp">
      <Filter>Internal\Manager</Filter>
    </ClCompile>
    <ClCompile Include="Internal\Controller\KCameraPreviewController.cpp">
      <Filter>Internal\Controller</Filter>
    </ClCompile>
    <ClCompile Include="Internal\Asset\Material\KMaterialTextureBinding.cpp">
      <Filter>Internal\Asset\Material</Filter>
    </ClCompile>
    <ClCompile Include="Internal\FrameGraph\KFrameGraphBuilder.cpp">
      <Filter>Internal\FrameGraph</Filter>
    </ClCompile>
    <ClCompile Include="Internal\FrameGraph\KFrameGraphResource.cpp">
      <Filter>Internal\FrameGraph</Filter>
    </ClCompile>
    <ClCompile Include="Internal\FrameGraph\KFrameGraphPass.cpp">
      <Filter>Internal\FrameGraph</Filter>
    </ClCompile>
    <ClCompile Include="Internal\FrameGraph\KFrameGraph.cpp">
      <Filter>Internal\FrameGraph</Filter>
    </ClCompile>
    <ClCompile Include="Internal\Vulkan\KVulkanFrameBuffer.cpp">
      <Filter>Internal\Vulkan</Filter>
    </ClCompile>
    <ClCompile Include="Internal\Vulkan\KVulkanRenderPass.cpp">
      <Filter>Internal\Vulkan</Filter>
    </ClCompile>
    <ClCompile Include="Internal\FrameGraph\KFrameGraphExecutor.cpp">
      <Filter>Internal\FrameGraph</Filter>
    </ClCompile>
    <ClCompile Include="Internal\Object\KPrefiterCubeMap.cpp">
      <Filter>Internal\Object</Filter>
    </ClCompile>
    <ClCompile Include="Internal\Vulkan\KVulkanAccelerationStructure.cpp">
      <Filter>Internal\Vulkan</Filter>
    </ClCompile>
    <ClCompile Include="Internal\Vulkan\KVulkanRayTracePipeline.cpp">
      <Filter>Internal\Vulkan</Filter>
    </ClCompile>
    <ClCompile Include="Internal\RayTrace\KRayTraceManager.cpp">
      <Filter>Internal\RayTrace</Filter>
    </ClCompile>
    <ClCompile Include="Internal\RayTrace\KRayTraceScene.cpp">
      <Filter>Internal\RayTrace</Filter>
    </ClCompile>
    <ClCompile Include="Internal\Object\KGBuffer.cpp">
      <Filter>Internal\Object</Filter>
    </ClCompile>
    <ClCompile Include="Internal\Vulkan\KVulkanComputePipeline.cpp">
      <Filter>Internal\Vulkan</Filter>
    </ClCompile>
    <ClCompile Include="Internal\Object\KRTAO.cpp">
      <Filter>Internal\Object</Filter>
    </ClCompile>
    <ClCompile Include="Internal\Object\KDebugDrawer.cpp">
      <Filter>Internal\Object</Filter>
    </ClCompile>
    <ClCompile Include="Internal\Voxilzer\KVoxilzer.cpp">
      <Filter>Internal\Voxilzer</Filter>
    </ClCompile>
    <ClCompile Include="Internal\Object\KWhiteFurnace.cpp">
      <Filter>Internal\Object</Filter>
    </ClCompile>
    <ClCompile Include="Internal\Terrain\KHeightMap.cpp">
      <Filter>Internal\Terrain</Filter>
    </ClCompile>
    <ClCompile Include="Internal\Terrain\Clipmap\KClipmap.cpp">
      <Filter>Internal\Terrain\Clipmap</Filter>
    </ClCompile>
    <ClCompile Include="Internal\Terrain\KTerrain.cpp">
      <Filter>Internal\Terrain</Filter>
    </ClCompile>
    <ClCompile Include="Internal\Voxilzer\KClipmapVoxilzer.cpp">
      <Filter>Internal\Voxilzer</Filter>
    </ClCompile>
    <ClCompile Include="Internal\ShaderMap\KShaderMap.cpp">
      <Filter>Internal\ShaderMap</Filter>
    </ClCompile>
    <ClCompile Include="Internal\Render\KDeferredRenderer.cpp">
      <Filter>Internal\Render</Filter>
    </ClCompile>
    <ClCompile Include="Internal\Object\KQuadDataProvider.cpp">
      <Filter>Internal\Object</Filter>
    </ClCompile>
    <ClCompile Include="Internal\Render\KRenderer.cpp">
      <Filter>Internal\Render</Filter>
    </ClCompile>
    <ClCompile Include="Internal\Manager\KSamplerManager.cpp">
      <Filter>Internal\Manager</Filter>
    </ClCompile>
    <ClCompile Include="Internal\Object\KHiZBuffer.cpp">
      <Filter>Internal\Object</Filter>
    </ClCompile>
    <ClCompile Include="Internal\Object\KHiZOcclusion.cpp">
      <Filter>Internal\Object</Filter>
    </ClCompile>
    <ClCompile Include="Internal\Object\KVoumetircFog.cpp">
      <Filter>Internal\Object</Filter>
    </ClCompile>
    <ClCompile Include="Internal\Object\KScreenSpaceReflection.cpp">
      <Filter>Internal\Object</Filter>
    </ClCompile>
    <ClCompile Include="Internal\Object\KDepthOfField.cpp">
      <Filter>Internal\Object</Filter>
    </ClCompile>
    <ClCompile Include="Internal\KRenderImGui.cpp">
      <Filter>Internal</Filter>
    </ClCompile>
    <ClCompile Include="Internal\Render\KRenderUtil.cpp">
      <Filter>Internal\Render</Filter>
    </ClCompile>
    <ClCompile Include="Internal\Vulkan\KVulkanQueue.cpp">
      <Filter>Internal\Vulkan</Filter>
    </ClCompile>
    <ClCompile Include="Internal\Vulkan\KVulkanPipelineLayout.cpp">
      <Filter>Internal\Vulkan</Filter>
    </ClCompile>
    <ClCompile Include="Internal\KPipelineBase.cpp">
      <Filter>Internal</Filter>
    </ClCompile>
    <ClCompile Include="Internal\Manager\KPipelineManager.cpp">
      <Filter>Internal\Manager</Filter>
    </ClCompile>
    <ClCompile Include="Internal\VirtualGeometry\KVirtualGeometryScene.cpp">
      <Filter>Internal\VirtualGeometry</Filter>
    </ClCompile>
    <ClCompile Include="Internal\VirtualGeometry\KVirtualGeometryManager.cpp">
      <Filter>Internal\VirtualGeometry</Filter>
    </ClCompile>
    <ClCompile Include="Internal\VirtualGeometry\KVirtualGeometry.cpp">
      <Filter>Internal\VirtualGeometry</Filter>
    </ClCompile>
    <ClCompile Include="Internal\VirtualGeometry\KVirtualGeometryStreaming.cpp" />
    <ClCompile Include="Internal\GPUScene\KGPUScene.cpp">
      <Filter>Internal\GPUScene</Filter>
    </ClCompile>
    <ClCompile Include="Internal\VirtualTexture\KVirtualTextureManager.cpp">
      <Filter>Internal\VirtualTexture</Filter>
    </ClCompile>
    <ClCompile Include="Internal\VirtualTexture\KVirtualTexture.cpp">
      <Filter>Internal\VirtualTexture</Filter>
    </ClCompile>
    <ClCompile Include="Internal\KRenderThread.cpp">
      <Filter>Internal</Filter>
    </ClCompile>
    <ClCompile Include="Internal\Render\KRHICommandList.cpp">
      <Filter>Internal\Render</Filter>
    </ClCompile>
    <ClCompile Include="Internal\Render\KRHIImmediateCommandList.cpp">
      <Filter>Internal\Render</Filter>
    </ClCompile>
    <ClCompile Include="Internal\Object\KDepthPeeling.cpp">
      <Filter>Internal\Object</Filter>
    </ClCompile>
    <ClCompile Include="Internal\Object\KABufferDepthPeeling.cpp">
      <Filter>Internal\Object</Filter>
    </ClCompile>
    <ClCompile Include="Internal\Vulkan\KVulkanDebug.cpp">
      <Filter>Internal\Vulkan</Filter>
    </ClCompile>
  </ItemGroup>
  <ItemGroup>
    <None Include="Interface\KVertexSemantic.inl">
      <Filter>Interface</Filter>
    </None>
    <None Include="Interface\KShaderBinding.inl">
      <Filter>Interface</Filter>
    </None>
    <None Include="Internal\VirtualGeometry\KVirtualGeomertyBinding.inl">
      <Filter>Internal\VirtualGeometry</Filter>
    </None>
    <None Include="Internal\Object\KRTAOBinding.inl">
      <Filter>Internal\Object</Filter>
    </None>
  </ItemGroup>
</Project>