<?xml version="1.0" encoding="utf-8"?>
<Project ToolsVersion="16.0" xmlns="http://schemas.microsoft.com/developer/msbuild/2003">
  <ItemGroup>
    <ClInclude Include="Public\ShaderLang.h">
      <Filter>Public</Filter>
    </ClInclude>
    <ClInclude Include="Include\glslang_c_interface.h">
      <Filter>CInterface</Filter>
    </ClInclude>
    <ClInclude Include="Include\arrays.h">
      <Filter>Include</Filter>
    </ClInclude>
    <ClInclude Include="Include\BaseTypes.h">
      <Filter>Include</Filter>
    </ClInclude>
    <ClInclude Include="Include\Common.h">
      <Filter>Include</Filter>
    </ClInclude>
    <ClInclude Include="Include\ConstantUnion.h">
      <Filter>Include</Filter>
    </ClInclude>
    <ClInclude Include="Include\glslang_c_shader_types.h">
      <Filter>Include</Filter>
    </ClInclude>
    <ClInclude Include="Include\InfoSink.h">
      <Filter>Include</Filter>
    </ClInclude>
    <ClInclude Include="Include\InitializeGlobals.h">
      <Filter>Include</Filter>
    </ClInclude>
    <ClInclude Include="Include\intermediate.h">
      <Filter>Include</Filter>
    </ClInclude>
    <ClInclude Include="Include\PoolAlloc.h">
      <Filter>Include</Filter>
    </ClInclude>
    <ClInclude Include="Include\ResourceLimits.h">
      <Filter>Include</Filter>
    </ClInclude>
    <ClInclude Include="Include\ShHandle.h">
      <Filter>Include</Filter>
    </ClInclude>
    <ClInclude Include="Include\SpirvIntrinsics.h">
      <Filter>Include</Filter>
    </ClInclude>
    <ClInclude Include="Include\Types.h">
      <Filter>Include</Filter>
    </ClInclude>
  </ItemGroup>
  <ItemGroup>
    <Filter Include="CInterface">
      <UniqueIdentifier>{CB2B5164-B90D-3710-AC4D-03626A231809}</UniqueIdentifier>
    </Filter>
    <Filter Include="Include">
      <UniqueIdentifier>{E7F44ADA-CBC6-3ACA-ADA0-2F2A37FF9157}</UniqueIdentifier>
    </Filter>
    <Filter Include="Public">
      <UniqueIdentifier>{8EDA4753-81F4-3D09-A68F-5F385D7FD89B}</UniqueIdentifier>
    </Filter>
  </ItemGroup>
  <ItemGroup>
    <ClCompile Include="CInterface\glslang_c_interface.cpp">
      <Filter>Include</Filter>
    </ClCompile>
  </ItemGroup>
</Project>