<?xml version="1.0" encoding="utf-8"?>
<Project ToolsVersion="16.0" xmlns="http://schemas.microsoft.com/developer/msbuild/2003">
  <ItemGroup>
    <ClCompile Include="MachineIndependent\glslang_tab.cpp">
      <Filter>MachineIndependent</Filter>
    </ClCompile>
    <ClCompile Include="MachineIndependent\attribute.cpp">
      <Filter>MachineIndependent</Filter>
    </ClCompile>
    <ClCompile Include="MachineIndependent\Constant.cpp">
      <Filter>MachineIndependent</Filter>
    </ClCompile>
    <ClCompile Include="MachineIndependent\iomapper.cpp">
      <Filter>MachineIndependent</Filter>
    </ClCompile>
    <ClCompile Include="MachineIndependent\InfoSink.cpp">
      <Filter>MachineIndependent</Filter>
    </ClCompile>
    <ClCompile Include="MachineIndependent\Initialize.cpp">
      <Filter>MachineIndependent</Filter>
    </ClCompile>
    <ClCompile Include="MachineIndependent\IntermTraverse.cpp">
      <Filter>MachineIndependent</Filter>
    </ClCompile>
    <ClCompile Include="MachineIndependent\Intermediate.cpp">
      <Filter>MachineIndependent</Filter>
    </ClCompile>
    <ClCompile Include="MachineIndependent\ParseContextBase.cpp">
      <Filter>MachineIndependent</Filter>
    </ClCompile>
    <ClCompile Include="MachineIndependent\ParseHelper.cpp">
      <Filter>MachineIndependent</Filter>
    </ClCompile>
    <ClCompile Include="MachineIndependent\PoolAlloc.cpp">
      <Filter>MachineIndependent</Filter>
    </ClCompile>
    <ClCompile Include="MachineIndependent\RemoveTree.cpp">
      <Filter>MachineIndependent</Filter>
    </ClCompile>
    <ClCompile Include="MachineIndependent\Scan.cpp">
      <Filter>MachineIndependent</Filter>
    </ClCompile>
    <ClCompile Include="MachineIndependent\ShaderLang.cpp">
      <Filter>MachineIndependent</Filter>
    </ClCompile>
    <ClCompile Include="MachineIndependent\SpirvIntrinsics.cpp">
      <Filter>MachineIndependent</Filter>
    </ClCompile>
    <ClCompile Include="MachineIndependent\SymbolTable.cpp">
      <Filter>MachineIndependent</Filter>
    </ClCompile>
    <ClCompile Include="MachineIndependent\Versions.cpp">
      <Filter>MachineIndependent</Filter>
    </ClCompile>
    <ClCompile Include="MachineIndependent\intermOut.cpp">
      <Filter>MachineIndependent</Filter>
    </ClCompile>
    <ClCompile Include="MachineIndependent\limits.cpp">
      <Filter>MachineIndependent</Filter>
    </ClCompile>
    <ClCompile Include="MachineIndependent\linkValidate.cpp">
      <Filter>MachineIndependent</Filter>
    </ClCompile>
    <ClCompile Include="MachineIndependent\parseConst.cpp">
      <Filter>MachineIndependent</Filter>
    </ClCompile>
    <ClCompile Include="MachineIndependent\reflection.cpp">
      <Filter>MachineIndependent</Filter>
    </ClCompile>
    <ClCompile Include="MachineIndependent\preprocessor\Pp.cpp">
      <Filter>MachineIndependent\Preprocessor</Filter>
    </ClCompile>
    <ClCompile Include="MachineIndependent\preprocessor\PpAtom.cpp">
      <Filter>MachineIndependent\Preprocessor</Filter>
    </ClCompile>
    <ClCompile Include="MachineIndependent\preprocessor\PpContext.cpp">
      <Filter>MachineIndependent\Preprocessor</Filter>
    </ClCompile>
    <ClCompile Include="MachineIndependent\preprocessor\PpScanner.cpp">
      <Filter>MachineIndependent\Preprocessor</Filter>
    </ClCompile>
    <ClCompile Include="MachineIndependent\preprocessor\PpTokens.cpp">
      <Filter>MachineIndependent\Preprocessor</Filter>
    </ClCompile>
    <ClCompile Include="MachineIndependent\propagateNoContraction.cpp">
      <Filter>MachineIndependent</Filter>
    </ClCompile>
    <ClCompile Include="HLSL\hlslAttributes.cpp">
      <Filter>HLSL</Filter>
    </ClCompile>
    <ClCompile Include="HLSL\hlslParseHelper.cpp">
      <Filter>HLSL</Filter>
    </ClCompile>
    <ClCompile Include="HLSL\hlslScanContext.cpp">
      <Filter>HLSL</Filter>
    </ClCompile>
    <ClCompile Include="HLSL\hlslOpMap.cpp">
      <Filter>HLSL</Filter>
    </ClCompile>
    <ClCompile Include="HLSL\hlslTokenStream.cpp">
      <Filter>HLSL</Filter>
    </ClCompile>
    <ClCompile Include="HLSL\hlslGrammar.cpp">
      <Filter>HLSL</Filter>
    </ClCompile>
    <ClCompile Include="HLSL\hlslParseables.cpp">
      <Filter>HLSL</Filter>
    </ClCompile>
  </ItemGroup>
  <ItemGroup>
    <ClInclude Include="MachineIndependent\attribute.h">
      <Filter>MachineIndependent</Filter>
    </ClInclude>
    <ClInclude Include="MachineIndependent\glslang_tab.cpp.h">
      <Filter>MachineIndependent</Filter>
    </ClInclude>
    <ClInclude Include="MachineIndependent\gl_types.h">
      <Filter>MachineIndependent</Filter>
    </ClInclude>
    <ClInclude Include="MachineIndependent\Initialize.h">
      <Filter>MachineIndependent</Filter>
    </ClInclude>
    <ClInclude Include="MachineIndependent\iomapper.h">
      <Filter>MachineIndependent</Filter>
    </ClInclude>
    <ClInclude Include="MachineIndependent\LiveTraverser.h">
      <Filter>MachineIndependent</Filter>
    </ClInclude>
    <ClInclude Include="MachineIndependent\localintermediate.h">
      <Filter>MachineIndependent</Filter>
    </ClInclude>
    <ClInclude Include="MachineIndependent\ParseHelper.h">
      <Filter>MachineIndependent</Filter>
    </ClInclude>
    <ClInclude Include="MachineIndependent\reflection.h">
      <Filter>MachineIndependent</Filter>
    </ClInclude>
    <ClInclude Include="MachineIndependent\RemoveTree.h">
      <Filter>MachineIndependent</Filter>
    </ClInclude>
    <ClInclude Include="MachineIndependent\Scan.h">
      <Filter>MachineIndependent</Filter>
    </ClInclude>
    <ClInclude Include="MachineIndependent\ScanContext.h">
      <Filter>MachineIndependent</Filter>
    </ClInclude>
    <ClInclude Include="MachineIndependent\SymbolTable.h">
      <Filter>MachineIndependent</Filter>
    </ClInclude>
    <ClInclude Include="MachineIndependent\Versions.h">
      <Filter>MachineIndependent</Filter>
    </ClInclude>
    <ClInclude Include="MachineIndependent\parseVersions.h">
      <Filter>MachineIndependent</Filter>
    </ClInclude>
    <ClInclude Include="MachineIndependent\propagateNoContraction.h">
      <Filter>MachineIndependent</Filter>
    </ClInclude>
    <ClInclude Include="MachineIndependent\preprocessor\PpContext.h">
      <Filter>MachineIndependent\Preprocessor</Filter>
    </ClInclude>
    <ClInclude Include="MachineIndependent\preprocessor\PpTokens.h">
      <Filter>MachineIndependent\Preprocessor</Filter>
    </ClInclude>
    <ClInclude Include="HLSL\hlslAttributes.h">
      <Filter>HLSL</Filter>
    </ClInclude>
    <ClInclude Include="HLSL\hlslParseHelper.h">
      <Filter>HLSL</Filter>
    </ClInclude>
    <ClInclude Include="HLSL\hlslTokens.h">
      <Filter>HLSL</Filter>
    </ClInclude>
    <ClInclude Include="HLSL\hlslScanContext.h">
      <Filter>HLSL</Filter>
    </ClInclude>
    <ClInclude Include="HLSL\hlslOpMap.h">
      <Filter>HLSL</Filter>
    </ClInclude>
    <ClInclude Include="HLSL\hlslTokenStream.h">
      <Filter>HLSL</Filter>
    </ClInclude>
    <ClInclude Include="HLSL\hlslGrammar.h">
      <Filter>HLSL</Filter>
    </ClInclude>
    <ClInclude Include="HLSL\hlslParseables.h">
      <Filter>HLSL</Filter>
    </ClInclude>
  </ItemGroup>
  <ItemGroup>
    <None Include="MachineIndependent\glslang.m4">
      <Filter>MachineIndependent</Filter>
    </None>
    <None Include="MachineIndependent\glslang.y">
      <Filter>MachineIndependent</Filter>
    </None>
  </ItemGroup>
  <ItemGroup>
    <Filter Include="HLSL">
      <UniqueIdentifier>{12B25521-E289-3952-B861-A6F55A4552B5}</UniqueIdentifier>
    </Filter>
    <Filter Include="MachineIndependent">
      <UniqueIdentifier>{86024735-0440-3FDE-9416-91E63D8C97DB}</UniqueIdentifier>
    </Filter>
    <Filter Include="MachineIndependent\Preprocessor">
      <UniqueIdentifier>{2C73C29A-2596-3C15-90C7-573FBB45308A}</UniqueIdentifier>
    </Filter>
    <Filter Include="Precompile Header File">
      <UniqueIdentifier>{B75A7053-3BDD-3DF6-ACC0-8870AFF4D63A}</UniqueIdentifier>
    </Filter>
    <Filter Include="Source Files">
      <UniqueIdentifier>{38A3CBEE-0715-343B-9E05-8C9CA8C7AA88}</UniqueIdentifier>
    </Filter>
  </ItemGroup>
</Project>