<?xml version="1.0" encoding="utf-8"?>
<Project ToolsVersion="16.0" xmlns="http://schemas.microsoft.com/developer/msbuild/2003">
  <ItemGroup>
    <ClCompile Include="F:\KApp\Dependency\glslang\glslang\CMakeFiles\MachineIndependent.dir\cmake_pch.cxx">
      <Filter>Source Files</Filter>
    </ClCompile>
    <ClCompile Include="F:\KApp\Dependency\glslang\glslang\MachineIndependent\glslang_tab.cpp">
      <Filter>MachineIndependent</Filter>
    </ClCompile>
    <ClCompile Include="F:\KApp\Dependency\glslang\glslang\MachineIndependent\attribute.cpp">
      <Filter>MachineIndependent</Filter>
    </ClCompile>
    <ClCompile Include="F:\KApp\Dependency\glslang\glslang\MachineIndependent\Constant.cpp">
      <Filter>MachineIndependent</Filter>
    </ClCompile>
    <ClCompile Include="F:\KApp\Dependency\glslang\glslang\MachineIndependent\iomapper.cpp">
      <Filter>MachineIndependent</Filter>
    </ClCompile>
    <ClCompile Include="F:\KApp\Dependency\glslang\glslang\MachineIndependent\InfoSink.cpp">
      <Filter>MachineIndependent</Filter>
    </ClCompile>
    <ClCompile Include="F:\KApp\Dependency\glslang\glslang\MachineIndependent\Initialize.cpp">
      <Filter>MachineIndependent</Filter>
    </ClCompile>
    <ClCompile Include="F:\KApp\Dependency\glslang\glslang\MachineIndependent\IntermTraverse.cpp">
      <Filter>MachineIndependent</Filter>
    </ClCompile>
    <ClCompile Include="F:\KApp\Dependency\glslang\glslang\MachineIndependent\Intermediate.cpp">
      <Filter>MachineIndependent</Filter>
    </ClCompile>
    <ClCompile Include="F:\KApp\Dependency\glslang\glslang\MachineIndependent\ParseContextBase.cpp">
      <Filter>MachineIndependent</Filter>
    </ClCompile>
    <ClCompile Include="F:\KApp\Dependency\glslang\glslang\MachineIndependent\ParseHelper.cpp">
      <Filter>MachineIndependent</Filter>
    </ClCompile>
    <ClCompile Include="F:\KApp\Dependency\glslang\glslang\MachineIndependent\PoolAlloc.cpp">
      <Filter>MachineIndependent</Filter>
    </ClCompile>
    <ClCompile Include="F:\KApp\Dependency\glslang\glslang\MachineIndependent\RemoveTree.cpp">
      <Filter>MachineIndependent</Filter>
    </ClCompile>
    <ClCompile Include="F:\KApp\Dependency\glslang\glslang\MachineIndependent\Scan.cpp">
      <Filter>MachineIndependent</Filter>
    </ClCompile>
    <ClCompile Include="F:\KApp\Dependency\glslang\glslang\MachineIndependent\ShaderLang.cpp">
      <Filter>MachineIndependent</Filter>
    </ClCompile>
    <ClCompile Include="F:\KApp\Dependency\glslang\glslang\MachineIndependent\SpirvIntrinsics.cpp">
      <Filter>MachineIndependent</Filter>
    </ClCompile>
    <ClCompile Include="F:\KApp\Dependency\glslang\glslang\MachineIndependent\SymbolTable.cpp">
      <Filter>MachineIndependent</Filter>
    </ClCompile>
    <ClCompile Include="F:\KApp\Dependency\glslang\glslang\MachineIndependent\Versions.cpp">
      <Filter>MachineIndependent</Filter>
    </ClCompile>
    <ClCompile Include="F:\KApp\Dependency\glslang\glslang\MachineIndependent\intermOut.cpp">
      <Filter>MachineIndependent</Filter>
    </ClCompile>
    <ClCompile Include="F:\KApp\Dependency\glslang\glslang\MachineIndependent\limits.cpp">
      <Filter>MachineIndependent</Filter>
    </ClCompile>
    <ClCompile Include="F:\KApp\Dependency\glslang\glslang\MachineIndependent\linkValidate.cpp">
      <Filter>MachineIndependent</Filter>
    </ClCompile>
    <ClCompile Include="F:\KApp\Dependency\glslang\glslang\MachineIndependent\parseConst.cpp">
      <Filter>MachineIndependent</Filter>
    </ClCompile>
    <ClCompile Include="F:\KApp\Dependency\glslang\glslang\MachineIndependent\reflection.cpp">
      <Filter>MachineIndependent</Filter>
    </ClCompile>
    <ClCompile Include="F:\KApp\Dependency\glslang\glslang\MachineIndependent\preprocessor\Pp.cpp">
      <Filter>MachineIndependent\Preprocessor</Filter>
    </ClCompile>
    <ClCompile Include="F:\KApp\Dependency\glslang\glslang\MachineIndependent\preprocessor\PpAtom.cpp">
      <Filter>MachineIndependent\Preprocessor</Filter>
    </ClCompile>
    <ClCompile Include="F:\KApp\Dependency\glslang\glslang\MachineIndependent\preprocessor\PpContext.cpp">
      <Filter>MachineIndependent\Preprocessor</Filter>
    </ClCompile>
    <ClCompile Include="F:\KApp\Dependency\glslang\glslang\MachineIndependent\preprocessor\PpScanner.cpp">
      <Filter>MachineIndependent\Preprocessor</Filter>
    </ClCompile>
    <ClCompile Include="F:\KApp\Dependency\glslang\glslang\MachineIndependent\preprocessor\PpTokens.cpp">
      <Filter>MachineIndependent\Preprocessor</Filter>
    </ClCompile>
    <ClCompile Include="F:\KApp\Dependency\glslang\glslang\MachineIndependent\propagateNoContraction.cpp">
      <Filter>MachineIndependent</Filter>
    </ClCompile>
    <ClCompile Include="F:\KApp\Dependency\glslang\glslang\HLSL\hlslAttributes.cpp">
      <Filter>HLSL</Filter>
    </ClCompile>
    <ClCompile Include="F:\KApp\Dependency\glslang\glslang\HLSL\hlslParseHelper.cpp">
      <Filter>HLSL</Filter>
    </ClCompile>
    <ClCompile Include="F:\KApp\Dependency\glslang\glslang\HLSL\hlslScanContext.cpp">
      <Filter>HLSL</Filter>
    </ClCompile>
    <ClCompile Include="F:\KApp\Dependency\glslang\glslang\HLSL\hlslOpMap.cpp">
      <Filter>HLSL</Filter>
    </ClCompile>
    <ClCompile Include="F:\KApp\Dependency\glslang\glslang\HLSL\hlslTokenStream.cpp">
      <Filter>HLSL</Filter>
    </ClCompile>
    <ClCompile Include="F:\KApp\Dependency\glslang\glslang\HLSL\hlslGrammar.cpp">
      <Filter>HLSL</Filter>
    </ClCompile>
    <ClCompile Include="F:\KApp\Dependency\glslang\glslang\HLSL\hlslParseables.cpp">
      <Filter>HLSL</Filter>
    </ClCompile>
  </ItemGroup>
  <ItemGroup>
    <ClInclude Include="F:\KApp\Dependency\glslang\glslang\MachineIndependent\attribute.h">
      <Filter>MachineIndependent</Filter>
    </ClInclude>
    <ClInclude Include="F:\KApp\Dependency\glslang\glslang\MachineIndependent\glslang_tab.cpp.h">
      <Filter>MachineIndependent</Filter>
    </ClInclude>
    <ClInclude Include="F:\KApp\Dependency\glslang\glslang\MachineIndependent\gl_types.h">
      <Filter>MachineIndependent</Filter>
    </ClInclude>
    <ClInclude Include="F:\KApp\Dependency\glslang\glslang\MachineIndependent\Initialize.h">
      <Filter>MachineIndependent</Filter>
    </ClInclude>
    <ClInclude Include="F:\KApp\Dependency\glslang\glslang\MachineIndependent\iomapper.h">
      <Filter>MachineIndependent</Filter>
    </ClInclude>
    <ClInclude Include="F:\KApp\Dependency\glslang\glslang\MachineIndependent\LiveTraverser.h">
      <Filter>MachineIndependent</Filter>
    </ClInclude>
    <ClInclude Include="F:\KApp\Dependency\glslang\glslang\MachineIndependent\localintermediate.h">
      <Filter>MachineIndependent</Filter>
    </ClInclude>
    <ClInclude Include="F:\KApp\Dependency\glslang\glslang\MachineIndependent\ParseHelper.h">
      <Filter>MachineIndependent</Filter>
    </ClInclude>
    <ClInclude Include="F:\KApp\Dependency\glslang\glslang\MachineIndependent\reflection.h">
      <Filter>MachineIndependent</Filter>
    </ClInclude>
    <ClInclude Include="F:\KApp\Dependency\glslang\glslang\MachineIndependent\RemoveTree.h">
      <Filter>MachineIndependent</Filter>
    </ClInclude>
    <ClInclude Include="F:\KApp\Dependency\glslang\glslang\MachineIndependent\Scan.h">
      <Filter>MachineIndependent</Filter>
    </ClInclude>
    <ClInclude Include="F:\KApp\Dependency\glslang\glslang\MachineIndependent\ScanContext.h">
      <Filter>MachineIndependent</Filter>
    </ClInclude>
    <ClInclude Include="F:\KApp\Dependency\glslang\glslang\MachineIndependent\SymbolTable.h">
      <Filter>MachineIndependent</Filter>
    </ClInclude>
    <ClInclude Include="F:\KApp\Dependency\glslang\glslang\MachineIndependent\Versions.h">
      <Filter>MachineIndependent</Filter>
    </ClInclude>
    <ClInclude Include="F:\KApp\Dependency\glslang\glslang\MachineIndependent\parseVersions.h">
      <Filter>MachineIndependent</Filter>
    </ClInclude>
    <ClInclude Include="F:\KApp\Dependency\glslang\glslang\MachineIndependent\propagateNoContraction.h">
      <Filter>MachineIndependent</Filter>
    </ClInclude>
    <ClInclude Include="F:\KApp\Dependency\glslang\glslang\MachineIndependent\preprocessor\PpContext.h">
      <Filter>MachineIndependent\Preprocessor</Filter>
    </ClInclude>
    <ClInclude Include="F:\KApp\Dependency\glslang\glslang\MachineIndependent\preprocessor\PpTokens.h">
      <Filter>MachineIndependent\Preprocessor</Filter>
    </ClInclude>
    <ClInclude Include="F:\KApp\Dependency\glslang\glslang\HLSL\hlslAttributes.h">
      <Filter>HLSL</Filter>
    </ClInclude>
    <ClInclude Include="F:\KApp\Dependency\glslang\glslang\HLSL\hlslParseHelper.h">
      <Filter>HLSL</Filter>
    </ClInclude>
    <ClInclude Include="F:\KApp\Dependency\glslang\glslang\HLSL\hlslTokens.h">
      <Filter>HLSL</Filter>
    </ClInclude>
    <ClInclude Include="F:\KApp\Dependency\glslang\glslang\HLSL\hlslScanContext.h">
      <Filter>HLSL</Filter>
    </ClInclude>
    <ClInclude Include="F:\KApp\Dependency\glslang\glslang\HLSL\hlslOpMap.h">
      <Filter>HLSL</Filter>
    </ClInclude>
    <ClInclude Include="F:\KApp\Dependency\glslang\glslang\HLSL\hlslTokenStream.h">
      <Filter>HLSL</Filter>
    </ClInclude>
    <ClInclude Include="F:\KApp\Dependency\glslang\glslang\HLSL\hlslGrammar.h">
      <Filter>HLSL</Filter>
    </ClInclude>
    <ClInclude Include="F:\KApp\Dependency\glslang\glslang\HLSL\hlslParseables.h">
      <Filter>HLSL</Filter>
    </ClInclude>
    <ClInclude Include="F:\KApp\Dependency\glslang\glslang\CMakeFiles\MachineIndependent.dir\Debug\cmake_pch.hxx">
      <Filter>Precompile Header File</Filter>
    </ClInclude>
    <ClInclude Include="F:\KApp\Dependency\glslang\glslang\CMakeFiles\MachineIndependent.dir\Release\cmake_pch.hxx">
      <Filter>Precompile Header File</Filter>
    </ClInclude>
    <ClInclude Include="F:\KApp\Dependency\glslang\glslang\CMakeFiles\MachineIndependent.dir\MinSizeRel\cmake_pch.hxx">
      <Filter>Precompile Header File</Filter>
    </ClInclude>
    <ClInclude Include="F:\KApp\Dependency\glslang\glslang\CMakeFiles\MachineIndependent.dir\RelWithDebInfo\cmake_pch.hxx">
      <Filter>Precompile Header File</Filter>
    </ClInclude>
  </ItemGroup>
  <ItemGroup>
    <CustomBuild Include="F:\KApp\Dependency\glslang\glslang\CMakeLists.txt" />
  </ItemGroup>
  <ItemGroup>
    <None Include="F:\KApp\Dependency\glslang\glslang\MachineIndependent\glslang.m4">
      <Filter>MachineIndependent</Filter>
    </None>
    <None Include="F:\KApp\Dependency\glslang\glslang\MachineIndependent\glslang.y">
      <Filter>MachineIndependent</Filter>
    </None>
  </ItemGroup>
  <ItemGroup>
    <Filter Include="HLSL">
      <UniqueIdentifier>{12B25521-E289-3952-B861-A6F55A4552B5}</UniqueIdentifier>
    </Filter>
    <Filter Include="MachineIndependent">
      <UniqueIdentifier>{86024735-0440-3FDE-9416-91E63D8C97DB}</UniqueIdentifier>
    </Filter>
    <Filter Include="MachineIndependent\Preprocessor">
      <UniqueIdentifier>{2C73C29A-2596-3C15-90C7-573FBB45308A}</UniqueIdentifier>
    </Filter>
    <Filter Include="Precompile Header File">
      <UniqueIdentifier>{B75A7053-3BDD-3DF6-ACC0-8870AFF4D63A}</UniqueIdentifier>
    </Filter>
    <Filter Include="Source Files">
      <UniqueIdentifier>{38A3CBEE-0715-343B-9E05-8C9CA8C7AA88}</UniqueIdentifier>
    </Filter>
  </ItemGroup>
</Project>
