<?xml version="1.0" encoding="UTF-8"?>
<Project ToolsVersion="4.0" xmlns="http://schemas.microsoft.com/developer/msbuild/2003">
  <ItemGroup>
    <ClCompile Include="D:\KApp\Dependency\assimp-3.3.1\test\unit\CCompilerTest.c">
      <Filter>unit</Filter>
    </ClCompile>
    <ClCompile Include="D:\KApp\Dependency\assimp-3.3.1\test\unit\Main.cpp">
      <Filter>Source Files</Filter>
    </ClCompile>
    <ClCompile Include="D:\KApp\Dependency\assimp-3.3.1\code\Version.cpp">
      <Filter>Source Files</Filter>
    </ClCompile>
    <ClCompile Include="D:\KApp\Dependency\assimp-3.3.1\test\unit\AssimpAPITest.cpp">
      <Filter>tests</Filter>
    </ClCompile>
    <ClCompile Include="D:\KApp\Dependency\assimp-3.3.1\test\unit\utBlendImportAreaLight.cpp">
      <Filter>tests</Filter>
    </ClCompile>
    <ClCompile Include="D:\KApp\Dependency\assimp-3.3.1\test\unit\utBlendImportMaterials.cpp">
      <Filter>tests</Filter>
    </ClCompile>
    <ClCompile Include="D:\KApp\Dependency\assimp-3.3.1\test\unit\utColladaExportCamera.cpp">
      <Filter>tests</Filter>
    </ClCompile>
    <ClCompile Include="D:\KApp\Dependency\assimp-3.3.1\test\unit\utColladaExportLight.cpp">
      <Filter>tests</Filter>
    </ClCompile>
    <ClCompile Include="D:\KApp\Dependency\assimp-3.3.1\test\unit\utFastAtof.cpp">
      <Filter>tests</Filter>
    </ClCompile>
    <ClCompile Include="D:\KApp\Dependency\assimp-3.3.1\test\unit\utFindDegenerates.cpp">
      <Filter>tests</Filter>
    </ClCompile>
    <ClCompile Include="D:\KApp\Dependency\assimp-3.3.1\test\unit\utFindInvalidData.cpp">
      <Filter>tests</Filter>
    </ClCompile>
    <ClCompile Include="D:\KApp\Dependency\assimp-3.3.1\test\unit\utFixInfacingNormals.cpp">
      <Filter>tests</Filter>
    </ClCompile>
    <ClCompile Include="D:\KApp\Dependency\assimp-3.3.1\test\unit\utGenNormals.cpp">
      <Filter>tests</Filter>
    </ClCompile>
    <ClCompile Include="D:\KApp\Dependency\assimp-3.3.1\test\unit\utImporter.cpp">
      <Filter>tests</Filter>
    </ClCompile>
    <ClCompile Include="D:\KApp\Dependency\assimp-3.3.1\test\unit\utImproveCacheLocality.cpp">
      <Filter>tests</Filter>
    </ClCompile>
    <ClCompile Include="D:\KApp\Dependency\assimp-3.3.1\test\unit\utIOSystem.cpp">
      <Filter>tests</Filter>
    </ClCompile>
    <ClCompile Include="D:\KApp\Dependency\assimp-3.3.1\test\unit\utIssues.cpp">
      <Filter>tests</Filter>
    </ClCompile>
    <ClCompile Include="D:\KApp\Dependency\assimp-3.3.1\test\unit\utJoinVertices.cpp">
      <Filter>tests</Filter>
    </ClCompile>
    <ClCompile Include="D:\KApp\Dependency\assimp-3.3.1\test\unit\utLimitBoneWeights.cpp">
      <Filter>tests</Filter>
    </ClCompile>
    <ClCompile Include="D:\KApp\Dependency\assimp-3.3.1\test\unit\utMaterialSystem.cpp">
      <Filter>tests</Filter>
    </ClCompile>
    <ClCompile Include="D:\KApp\Dependency\assimp-3.3.1\test\unit\utMatrix3x3.cpp">
      <Filter>tests</Filter>
    </ClCompile>
    <ClCompile Include="D:\KApp\Dependency\assimp-3.3.1\test\unit\utMatrix4x4.cpp">
      <Filter>tests</Filter>
    </ClCompile>
    <ClCompile Include="D:\KApp\Dependency\assimp-3.3.1\test\unit\utPretransformVertices.cpp">
      <Filter>tests</Filter>
    </ClCompile>
    <ClCompile Include="D:\KApp\Dependency\assimp-3.3.1\test\unit\utRemoveComments.cpp">
      <Filter>tests</Filter>
    </ClCompile>
    <ClCompile Include="D:\KApp\Dependency\assimp-3.3.1\test\unit\utRemoveComponent.cpp">
      <Filter>tests</Filter>
    </ClCompile>
    <ClCompile Include="D:\KApp\Dependency\assimp-3.3.1\test\unit\utRemoveRedundantMaterials.cpp">
      <Filter>tests</Filter>
    </ClCompile>
    <ClCompile Include="D:\KApp\Dependency\assimp-3.3.1\test\unit\utScenePreprocessor.cpp">
      <Filter>tests</Filter>
    </ClCompile>
    <ClCompile Include="D:\KApp\Dependency\assimp-3.3.1\test\unit\utSharedPPData.cpp">
      <Filter>tests</Filter>
    </ClCompile>
    <ClCompile Include="D:\KApp\Dependency\assimp-3.3.1\test\unit\utStringUtils.cpp">
      <Filter>tests</Filter>
    </ClCompile>
    <ClCompile Include="D:\KApp\Dependency\assimp-3.3.1\test\unit\utSortByPType.cpp">
      <Filter>tests</Filter>
    </ClCompile>
    <ClCompile Include="D:\KApp\Dependency\assimp-3.3.1\test\unit\utSplitLargeMeshes.cpp">
      <Filter>tests</Filter>
    </ClCompile>
    <ClCompile Include="D:\KApp\Dependency\assimp-3.3.1\test\unit\utTargetAnimation.cpp">
      <Filter>tests</Filter>
    </ClCompile>
    <ClCompile Include="D:\KApp\Dependency\assimp-3.3.1\test\unit\utTextureTransform.cpp">
      <Filter>tests</Filter>
    </ClCompile>
    <ClCompile Include="D:\KApp\Dependency\assimp-3.3.1\test\unit\utTriangulate.cpp">
      <Filter>tests</Filter>
    </ClCompile>
    <ClCompile Include="D:\KApp\Dependency\assimp-3.3.1\test\unit\utVertexTriangleAdjacency.cpp">
      <Filter>tests</Filter>
    </ClCompile>
  </ItemGroup>
  <ItemGroup>
    <CustomBuild Include="D:\KApp\Dependency\assimp-3.3.1\test\CMakeLists.txt" />
  </ItemGroup>
  <ItemGroup>
    <Filter Include="Source Files">
      <UniqueIdentifier>{97E39205-BAD5-3D26-ADD8-0E8BA722EC90}</UniqueIdentifier>
    </Filter>
    <Filter Include="unit">
      <UniqueIdentifier>{EAB44759-27EA-3400-93C2-879C6B008F4C}</UniqueIdentifier>
    </Filter>
    <Filter Include="tests">
      <UniqueIdentifier>{B9D2871A-8964-3E43-89BE-6655B55905F7}</UniqueIdentifier>
    </Filter>
  </ItemGroup>
</Project>
