<?xml version="1.0" encoding="utf-8"?>
<Project ToolsVersion="4.0" xmlns="http://schemas.microsoft.com/developer/msbuild/2003">
  <ItemGroup>
    <ClCompile Include="Source\KDataStream.cpp">
      <Filter>Source</Filter>
    </ClCompile>
    <ClCompile Include="Source\KFileTool.cpp">
      <Filter>Source</Filter>
    </ClCompile>
    <ClCompile Include="Source\KIniFile.cpp">
      <Filter>Source</Filter>
    </ClCompile>
    <ClCompile Include="Source\KSourceFile.cpp">
      <Filter>Source</Filter>
    </ClCompile>
    <ClCompile Include="Source\KThreadTool.cpp">
      <Filter>Source</Filter>
    </ClCompile>
    <ClCompile Include="Source\main.cpp">
      <Filter>Source</Filter>
    </ClCompile>
  </ItemGroup>
  <ItemGroup>
    <ClInclude Include="Interface\IKConfig.h">
      <Filter>Interface</Filter>
    </ClInclude>
    <ClInclude Include="Interface\IKDataStream.h">
      <Filter>Interface</Filter>
    </ClInclude>
    <ClInclude Include="Interface\IKFileTool.h">
      <Filter>Interface</Filter>
    </ClInclude>
    <ClInclude Include="Interface\IKIniFile.h">
      <Filter>Interface</Filter>
    </ClInclude>
    <ClInclude Include="Interface\IKSourceFile.h">
      <Filter>Interface</Filter>
    </ClInclude>
    <ClInclude Include="Source\KDataStream.h">
      <Filter>Internal</Filter>
    </ClInclude>
    <ClInclude Include="Source\KIniFile.h">
      <Filter>Internal</Filter>
    </ClInclude>
    <ClInclude Include="Internal\KLockFreeQueue.h">
      <Filter>Internal</Filter>
    </ClInclude>
    <ClInclude Include="Internal\KLockQueue.h">
      <Filter>Internal</Filter>
    </ClInclude>
    <ClInclude Include="Internal\KSemaphore.h">
      <Filter>Internal</Filter>
    </ClInclude>
    <ClInclude Include="Source\KSourceFile.h">
      <Filter>Internal</Filter>
    </ClInclude>
    <ClInclude Include="Internal\KSpinLock.h">
      <Filter>Internal</Filter>
    </ClInclude>
    <ClInclude Include="Internal\KTaskExecutor.h">
      <Filter>Internal</Filter>
    </ClInclude>
    <ClInclude Include="Internal\KThreadPool.h">
      <Filter>Internal</Filter>
    </ClInclude>
    <ClInclude Include="Internal\KThreadTool.h">
      <Filter>Internal</Filter>
    </ClInclude>
    <ClInclude Include="Internal\KTimer.h">
      <Filter>Internal</Filter>
    </ClInclude>
  </ItemGroup>
  <ItemGroup>
    <Filter Include="Interface">
      <UniqueIdentifier>{9d8f4cd7-fbc8-4f11-af7a-eb624e0200f7}</UniqueIdentifier>
    </Filter>
    <Filter Include="Internal">
      <UniqueIdentifier>{859bb9b1-13d1-49fe-9cc8-88e678157092}</UniqueIdentifier>
    </Filter>
    <Filter Include="Source">
      <UniqueIdentifier>{d81271e6-7c65-4f75-b7bd-86ea60ddf373}</UniqueIdentifier>
    </Filter>
  </ItemGroup>
</Project>