<?xml version="1.0" encoding="utf-8"?>
<Project ToolsVersion="4.0" xmlns="http://schemas.microsoft.com/developer/msbuild/2003">
  <ItemGroup>
    <ClInclude Include="Publish\KLockFreeQueue.h">
      <Filter>Publish</Filter>
    </ClInclude>
    <ClInclude Include="Publish\KLockQueue.h">
      <Filter>Publish</Filter>
    </ClInclude>
    <ClInclude Include="Publish\KSemaphore.h">
      <Filter>Publish</Filter>
    </ClInclude>
    <ClInclude Include="Publish\KSpinLock.h">
      <Filter>Publish</Filter>
    </ClInclude>
    <ClInclude Include="Publish\KTaskExecutor.h">
      <Filter>Publish</Filter>
    </ClInclude>
    <ClInclude Include="Publish\KThreadPool.h">
      <Filter>Publish</Filter>
    </ClInclude>
    <ClInclude Include="Publish\KThreadTool.h">
      <Filter>Publish</Filter>
    </ClInclude>
    <ClInclude Include="Publish\KTimer.h">
      <Filter>Publish</Filter>
    </ClInclude>
    <ClInclude Include="Internal\KDataStream.h">
      <Filter>Internal</Filter>
    </ClInclude>
    <ClInclude Include="Internal\KIniFile.h">
      <Filter>Internal</Filter>
    </ClInclude>
    <ClInclude Include="Internal\KSourceFile.h">
      <Filter>Internal</Filter>
    </ClInclude>
    <ClInclude Include="Publish\KFileTool.h">
      <Filter>Publish</Filter>
    </ClInclude>
    <ClInclude Include="Publish\KHash.h">
      <Filter>Publish</Filter>
    </ClInclude>
    <ClInclude Include="Publish\KHashString.h">
      <Filter>Publish</Filter>
    </ClInclude>
    <ClInclude Include="Internal\KLog.h">
      <Filter>Internal</Filter>
    </ClInclude>
    <ClInclude Include="Internal\KCodec.h">
      <Filter>Internal</Filter>
    </ClInclude>
    <ClInclude Include="Publish\KList.h">
      <Filter>Publish</Filter>
    </ClInclude>
    <ClInclude Include="Publish\KObjectPool.h">
      <Filter>Publish</Filter>
    </ClInclude>
    <ClInclude Include="Internal\KMemoryAllocator.h">
      <Filter>Internal</Filter>
    </ClInclude>
    <ClInclude Include="Publish\KDump.h">
      <Filter>Publish</Filter>
    </ClInclude>
    <ClInclude Include="Internal\KSocketClient.h">
      <Filter>Internal</Filter>
    </ClInclude>
    <ClInclude Include="Internal\KSocketServer.h">
      <Filter>Internal</Filter>
    </ClInclude>
    <ClInclude Include="Internal\KPythonCore.h">
      <Filter>Internal</Filter>
    </ClInclude>
    <ClInclude Include="Publish\KStringParser.h">
      <Filter>Publish</Filter>
    </ClInclude>
    <ClInclude Include="Publish\KSystem.h">
      <Filter>Publish</Filter>
    </ClInclude>
    <ClInclude Include="Publish\KStringUtil.h">
      <Filter>Publish</Filter>
    </ClInclude>
    <ClInclude Include="Publish\KNumerical.h">
      <Filter>Publish</Filter>
    </ClInclude>
    <ClInclude Include="Publish\KConfig.h">
      <Filter>Publish</Filter>
    </ClInclude>
    <ClInclude Include="Publish\KInput.h">
      <Filter>Publish</Filter>
    </ClInclude>
    <ClInclude Include="Internal\Codec\KETCCodec.h">
      <Filter>Internal\Codec</Filter>
    </ClInclude>
    <ClInclude Include="Internal\Codec\KFreeImageCodec.h">
      <Filter>Internal\Codec</Filter>
    </ClInclude>
    <ClInclude Include="Publish\KImage.h">
      <Filter>Publish</Filter>
    </ClInclude>
    <ClInclude Include="Interface\IKCodec.h">
      <Filter>Interface</Filter>
    </ClInclude>
    <ClInclude Include="Interface\IKDataStream.h">
      <Filter>Interface</Filter>
    </ClInclude>
    <ClInclude Include="Interface\IKIniFile.h">
      <Filter>Interface</Filter>
    </ClInclude>
    <ClInclude Include="Interface\IKLog.h">
      <Filter>Interface</Filter>
    </ClInclude>
    <ClInclude Include="Interface\IKMemory.h">
      <Filter>Interface</Filter>
    </ClInclude>
    <ClInclude Include="Interface\IKScript.h">
      <Filter>Interface</Filter>
    </ClInclude>
    <ClInclude Include="Interface\IKSocket.h">
      <Filter>Interface</Filter>
    </ClInclude>
    <ClInclude Include="Interface\IKSourceFile.h">
      <Filter>Interface</Filter>
    </ClInclude>
    <ClInclude Include="Interface\IKAssetLoader.h">
      <Filter>Interface</Filter>
    </ClInclude>
    <ClInclude Include="Internal\KAssetLoader.h">
      <Filter>Internal</Filter>
    </ClInclude>
    <ClInclude Include="Interface\IKRefObject.h">
      <Filter>Interface</Filter>
    </ClInclude>
    <ClInclude Include="Interface\IKFileSystem.h">
      <Filter>Interface</Filter>
    </ClInclude>
    <ClInclude Include="Internal\KFileSystem.h">
      <Filter>Internal</Filter>
    </ClInclude>
    <ClInclude Include="Internal\Hash\KMD5.h">
      <Filter>Internal\Hash</Filter>
    </ClInclude>
    <ClInclude Include="Internal\FileSystem\KNativeFileSystem.h">
      <Filter>Internal\FileSystem</Filter>
    </ClInclude>
    <ClInclude Include="Internal\FileSystem\KZipFileSystem.h">
      <Filter>Internal\FileSystem</Filter>
    </ClInclude>
    <ClInclude Include="Internal\FileSystem\KApkFileSystem.h">
      <Filter>Internal\FileSystem</Filter>
    </ClInclude>
    <ClInclude Include="Publish\KPlatform.h">
      <Filter>Publish</Filter>
    </ClInclude>
  </ItemGroup>
  <ItemGroup>
    <Filter Include="Internal">
      <UniqueIdentifier>{7eb831e6-2dc7-43a5-bdbf-94d91fb6602b}</UniqueIdentifier>
    </Filter>
    <Filter Include="Publish">
      <UniqueIdentifier>{7882f0a1-43d2-462c-a4e8-43aa25889acc}</UniqueIdentifier>
    </Filter>
    <Filter Include="Internal\Codec">
      <UniqueIdentifier>{ca136eda-d75e-4d52-9216-195a7a23f4e2}</UniqueIdentifier>
    </Filter>
    <Filter Include="Interface">
      <UniqueIdentifier>{a07689e0-a5d8-4da4-8dbd-c000f802fa22}</UniqueIdentifier>
    </Filter>
    <Filter Include="Internal\FileSystem">
      <UniqueIdentifier>{4b9ef76c-be2f-4342-8ee4-0ba65019123e}</UniqueIdentifier>
    </Filter>
    <Filter Include="Internal\Hash">
      <UniqueIdentifier>{84f97919-4418-4419-a5e6-dafa55482194}</UniqueIdentifier>
    </Filter>
  </ItemGroup>
  <ItemGroup>
    <ClCompile Include="Internal\KDataStream.cpp">
      <Filter>Internal</Filter>
    </ClCompile>
    <ClCompile Include="Internal\KFileTool.cpp">
      <Filter>Internal</Filter>
    </ClCompile>
    <ClCompile Include="Internal\KIniFile.cpp">
      <Filter>Internal</Filter>
    </ClCompile>
    <ClCompile Include="Internal\KSourceFile.cpp">
      <Filter>Internal</Filter>
    </ClCompile>
    <ClCompile Include="Internal\KThreadTool.cpp">
      <Filter>Internal</Filter>
    </ClCompile>
    <ClCompile Include="Internal\KHash.cpp">
      <Filter>Internal</Filter>
    </ClCompile>
    <ClCompile Include="Internal\KHashString.cpp">
      <Filter>Internal</Filter>
    </ClCompile>
    <ClCompile Include="Internal\KLog.cpp">
      <Filter>Internal</Filter>
    </ClCompile>
    <ClCompile Include="Internal\KCodec.cpp">
      <Filter>Internal</Filter>
    </ClCompile>
    <ClCompile Include="Internal\KMemoryAllocator.cpp">
      <Filter>Internal</Filter>
    </ClCompile>
    <ClCompile Include="Internal\KDump.cpp">
      <Filter>Internal</Filter>
    </ClCompile>
    <ClCompile Include="Internal\KSocketClient.cpp">
      <Filter>Internal</Filter>
    </ClCompile>
    <ClCompile Include="Internal\KSocketServer.cpp">
      <Filter>Internal</Filter>
    </ClCompile>
    <ClCompile Include="Internal\KPythonCore.cpp">
      <Filter>Internal</Filter>
    </ClCompile>
    <ClCompile Include="Internal\KScript.cpp">
      <Filter>Internal</Filter>
    </ClCompile>
    <ClCompile Include="Internal\KStringUtil.cpp">
      <Filter>Internal</Filter>
    </ClCompile>
    <ClCompile Include="Internal\KStringParser.cpp">
      <Filter>Internal</Filter>
    </ClCompile>
    <ClCompile Include="Internal\KSystem.cpp">
      <Filter>Internal</Filter>
    </ClCompile>
    <ClCompile Include="Internal\Codec\KETCCodec.cpp">
      <Filter>Internal\Codec</Filter>
    </ClCompile>
    <ClCompile Include="Internal\Codec\KFreeImageCodec.cpp">
      <Filter>Internal\Codec</Filter>
    </ClCompile>
    <ClCompile Include="Internal\KAssetLoader.cpp">
      <Filter>Internal</Filter>
    </ClCompile>
    <ClCompile Include="Internal\KFileSystem.cpp">
      <Filter>Internal</Filter>
    </ClCompile>
    <ClCompile Include="Internal\Hash\KMD5.cpp">
      <Filter>Internal\Hash</Filter>
    </ClCompile>
    <ClCompile Include="Internal\FileSystem\KNativeFileSystem.cpp">
      <Filter>Internal\FileSystem</Filter>
    </ClCompile>
    <ClCompile Include="Internal\FileSystem\KZipFileSystem.cpp">
      <Filter>Internal\FileSystem</Filter>
    </ClCompile>
    <ClCompile Include="Internal\FileSystem\KApkFileSystem.cpp">
      <Filter>Internal\FileSystem</Filter>
    </ClCompile>
    <ClCompile Include="Internal\KPlatform.cpp">
      <Filter>Internal</Filter>
    </ClCompile>
  </ItemGroup>
</Project>