<?xml version="1.0" encoding="utf-8"?>
<Project ToolsVersion="16.0" xmlns="http://schemas.microsoft.com/developer/msbuild/2003">
  <ItemGroup>
    <ClCompile Include="GlslangToSpv.cpp" />
    <ClCompile Include="InReadableOrder.cpp" />
    <ClCompile Include="Logger.cpp" />
    <ClCompile Include="SpvBuilder.cpp" />
    <ClCompile Include="SpvPostProcess.cpp" />
    <ClCompile Include="doc.cpp" />
    <ClCompile Include="SpvTools.cpp" />
    <ClCompile Include="disassemble.cpp" />
    <ClCompile Include="CInterface\spirv_c_interface.cpp" />
  </ItemGroup>
  <ItemGroup>
    <ClInclude Include="bitutils.h" />
    <ClInclude Include="spirv.hpp" />
    <ClInclude Include="GLSL.std.450.h" />
    <ClInclude Include="GLSL.ext.EXT.h" />
    <ClInclude Include="GLSL.ext.KHR.h" />
    <ClInclude Include="GlslangToSpv.h" />
    <ClInclude Include="hex_float.h" />
    <ClInclude Include="Logger.h" />
    <ClInclude Include="SpvBuilder.h" />
    <ClInclude Include="spvIR.h" />
    <ClInclude Include="doc.h" />
    <ClInclude Include="SpvTools.h" />
    <ClInclude Include="disassemble.h" />
    <ClInclude Include="GLSL.ext.AMD.h" />
    <ClInclude Include="GLSL.ext.NV.h" />
    <ClInclude Include="GLSL.ext.ARM.h" />
    <ClInclude Include="NonSemanticDebugPrintf.h" />
    <ClInclude Include="NonSemanticShaderDebugInfo100.h" />
  </ItemGroup>
  <ItemGroup>
    <Filter Include="Source">
      <UniqueIdentifier>{456C339B-0597-3A44-9BC5-47244FBD8CF8}</UniqueIdentifier>
    </Filter>
  </ItemGroup>
</Project>