<?xml version="1.0" encoding="utf-8"?>
<Project ToolsVersion="16.0" xmlns="http://schemas.microsoft.com/developer/msbuild/2003">
  <ItemGroup>
    <ClCompile Include="disassemble.cpp">
      <Filter>Source</Filter>
    </ClCompile>
    <ClCompile Include="doc.cpp">
      <Filter>Source</Filter>
    </ClCompile>
    <ClCompile Include="GlslangToSpv.cpp">
      <Filter>Source</Filter>
    </ClCompile>
    <ClCompile Include="InReadableOrder.cpp">
      <Filter>Source</Filter>
    </ClCompile>
    <ClCompile Include="Logger.cpp">
      <Filter>Source</Filter>
    </ClCompile>
    <ClCompile Include="CInterface\spirv_c_interface.cpp">
      <Filter>Source</Filter>
    </ClCompile>
    <ClCompile Include="SpvBuilder.cpp">
      <Filter>Source</Filter>
    </ClCompile>
    <ClCompile Include="SpvPostProcess.cpp">
      <Filter>Source</Filter>
    </ClCompile>
    <ClCompile Include="SpvTools.cpp">
      <Filter>Source</Filter>
    </ClCompile>
  </ItemGroup>
  <ItemGroup>
    <ClInclude Include="SpvTools.h">
      <Filter>Source</Filter>
    </ClInclude>
    <ClInclude Include="bitutils.h">
      <Filter>Source</Filter>
    </ClInclude>
    <ClInclude Include="disassemble.h">
      <Filter>Source</Filter>
    </ClInclude>
    <ClInclude Include="doc.h">
      <Filter>Source</Filter>
    </ClInclude>
    <ClInclude Include="GLSL.ext.AMD.h">
      <Filter>Source</Filter>
    </ClInclude>
    <ClInclude Include="GLSL.ext.EXT.h">
      <Filter>Source</Filter>
    </ClInclude>
    <ClInclude Include="GLSL.ext.KHR.h">
      <Filter>Source</Filter>
    </ClInclude>
    <ClInclude Include="GLSL.ext.NV.h">
      <Filter>Source</Filter>
    </ClInclude>
    <ClInclude Include="GLSL.std.450.h">
      <Filter>Source</Filter>
    </ClInclude>
    <ClInclude Include="GlslangToSpv.h">
      <Filter>Source</Filter>
    </ClInclude>
    <ClInclude Include="hex_float.h">
      <Filter>Source</Filter>
    </ClInclude>
    <ClInclude Include="Logger.h">
      <Filter>Source</Filter>
    </ClInclude>
    <ClInclude Include="NonSemanticDebugPrintf.h">
      <Filter>Source</Filter>
    </ClInclude>
    <ClInclude Include="spirv.hpp">
      <Filter>Source</Filter>
    </ClInclude>
    <ClInclude Include="SpvBuilder.h">
      <Filter>Source</Filter>
    </ClInclude>
    <ClInclude Include="spvIR.h">
      <Filter>Source</Filter>
    </ClInclude>
  </ItemGroup>
  <ItemGroup>
    <Filter Include="Source">
      <UniqueIdentifier>{1D6E9D85-C878-3F52-9EE1-4DD47316D9D3}</UniqueIdentifier>
    </Filter>
  </ItemGroup>
</Project>